<<<<<<< HEAD
<?xml version="1.0" encoding="UTF-8"?>
<!DOCTYPE plist PUBLIC "-//Apple//DTD PLIST 1.0//EN" "http://www.apple.com/DTDs/PropertyList-1.0.dtd">
<plist version="1.0">
<dict>
	<key>archiveVersion</key>
	<string>1</string>
	<key>classes</key>
	<dict/>
	<key>objectVersion</key>
	<string>46</string>
	<key>objects</key>
	<dict>
		<key>02BA2A609E640082BE25D330</key>
		<dict>
			<key>fileRef</key>
			<string>75CB7AE50AA2BDBFCC991970</string>
			<key>isa</key>
			<string>PBXBuildFile</string>
		</dict>
		<key>0834BFBF9CC2FED5DA2E7FD4</key>
		<dict>
			<key>includeInIndex</key>
			<string>1</string>
			<key>isa</key>
			<string>PBXFileReference</string>
			<key>lastKnownFileType</key>
			<string>text.xcconfig</string>
			<key>name</key>
			<string>Pods-Play With Pets.debug.xcconfig</string>
			<key>path</key>
			<string>Pods/Target Support Files/Pods-Play With Pets/Pods-Play With Pets.debug.xcconfig</string>
			<key>sourceTree</key>
			<string>&lt;group&gt;</string>
		</dict>
		<key>203165CAEEDC7E5377F0DBDE</key>
		<dict>
			<key>buildActionMask</key>
			<string>2147483647</string>
			<key>files</key>
			<array/>
			<key>inputPaths</key>
			<array/>
			<key>isa</key>
			<string>PBXShellScriptBuildPhase</string>
			<key>name</key>
			<string>[CP] Copy Pods Resources</string>
			<key>outputPaths</key>
			<array/>
			<key>runOnlyForDeploymentPostprocessing</key>
			<string>0</string>
			<key>shellPath</key>
			<string>/bin/sh</string>
			<key>shellScript</key>
			<string>"${SRCROOT}/Pods/Target Support Files/Pods-Play With Pets/Pods-Play With Pets-resources.sh"
</string>
			<key>showEnvVarsInLog</key>
			<string>0</string>
		</dict>
		<key>2330EF382EDE5D2DAF4D2EFE</key>
		<dict>
			<key>includeInIndex</key>
			<string>1</string>
			<key>isa</key>
			<string>PBXFileReference</string>
			<key>lastKnownFileType</key>
			<string>text.xcconfig</string>
			<key>name</key>
			<string>Pods-Play With Pets.release.xcconfig</string>
			<key>path</key>
			<string>Pods/Target Support Files/Pods-Play With Pets/Pods-Play With Pets.release.xcconfig</string>
			<key>sourceTree</key>
			<string>&lt;group&gt;</string>
		</dict>
		<key>298765672DF7935AB3D1BF9A</key>
		<dict>
			<key>buildActionMask</key>
			<string>2147483647</string>
			<key>files</key>
			<array/>
			<key>inputPaths</key>
			<array/>
			<key>isa</key>
			<string>PBXShellScriptBuildPhase</string>
			<key>name</key>
			<string>[CP] Embed Pods Frameworks</string>
			<key>outputPaths</key>
			<array/>
			<key>runOnlyForDeploymentPostprocessing</key>
			<string>0</string>
			<key>shellPath</key>
			<string>/bin/sh</string>
			<key>shellScript</key>
			<string>"${SRCROOT}/Pods/Target Support Files/Pods-Play With Pets/Pods-Play With Pets-frameworks.sh"
</string>
			<key>showEnvVarsInLog</key>
			<string>0</string>
		</dict>
		<key>6066671A2592105CF3EFD10F</key>
		<dict>
			<key>children</key>
			<array>
				<string>75CB7AE50AA2BDBFCC991970</string>
			</array>
			<key>isa</key>
			<string>PBXGroup</string>
			<key>name</key>
			<string>Frameworks</string>
			<key>sourceTree</key>
			<string>&lt;group&gt;</string>
		</dict>
		<key>6C4DE80C1E5904920046B0F2</key>
		<dict>
			<key>children</key>
			<array>
				<string>6C4DE8171E5904920046B0F2</string>
				<string>6C4DE8161E5904920046B0F2</string>
				<string>DA75CA51583463A6B221951E</string>
				<string>6066671A2592105CF3EFD10F</string>
			</array>
			<key>isa</key>
			<string>PBXGroup</string>
			<key>sourceTree</key>
			<string>&lt;group&gt;</string>
		</dict>
		<key>6C4DE80D1E5904920046B0F2</key>
		<dict>
			<key>attributes</key>
			<dict>
				<key>LastUpgradeCheck</key>
				<string>0820</string>
				<key>ORGANIZATIONNAME</key>
				<string>Spencer Yen</string>
				<key>TargetAttributes</key>
				<dict>
					<key>6C4DE8141E5904920046B0F2</key>
					<dict>
						<key>CreatedOnToolsVersion</key>
						<string>8.2.1</string>
						<key>ProvisioningStyle</key>
						<string>Automatic</string>
					</dict>
				</dict>
			</dict>
			<key>buildConfigurationList</key>
			<string>6C4DE8101E5904920046B0F2</string>
			<key>compatibilityVersion</key>
			<string>Xcode 3.2</string>
			<key>developmentRegion</key>
			<string>English</string>
			<key>hasScannedForEncodings</key>
			<string>0</string>
			<key>isa</key>
			<string>PBXProject</string>
			<key>knownRegions</key>
			<array>
				<string>en</string>
				<string>Base</string>
			</array>
			<key>mainGroup</key>
			<string>6C4DE80C1E5904920046B0F2</string>
			<key>productRefGroup</key>
			<string>6C4DE8161E5904920046B0F2</string>
			<key>projectDirPath</key>
			<string></string>
			<key>projectReferences</key>
			<array/>
			<key>projectRoot</key>
			<string></string>
			<key>targets</key>
			<array>
				<string>6C4DE8141E5904920046B0F2</string>
			</array>
		</dict>
		<key>6C4DE8101E5904920046B0F2</key>
		<dict>
			<key>buildConfigurations</key>
			<array>
				<string>6C4DE82A1E5904920046B0F2</string>
				<string>6C4DE82B1E5904920046B0F2</string>
			</array>
			<key>defaultConfigurationIsVisible</key>
			<string>0</string>
			<key>defaultConfigurationName</key>
			<string>Release</string>
			<key>isa</key>
			<string>XCConfigurationList</string>
		</dict>
		<key>6C4DE8111E5904920046B0F2</key>
		<dict>
			<key>buildActionMask</key>
			<string>2147483647</string>
			<key>files</key>
			<array>
				<string>6C4DE8441E5908F90046B0F2</string>
				<string>6C4DE8471E5909260046B0F2</string>
				<string>6C4DE83D1E5907E90046B0F2</string>
				<string>6CB6FBEF1E5912E9003D65EF</string>
				<string>6C4DE81D1E5904920046B0F2</string>
				<string>6C4DE84A1E590A620046B0F2</string>
				<string>6C4DE8311E59073C0046B0F2</string>
				<string>6C4DE8571E590C510046B0F2</string>
				<string>6C4DE85A1E590C6F0046B0F2</string>
				<string>6C4DE8511E590C140046B0F2</string>
				<string>6C4DE81A1E5904920046B0F2</string>
				<string>6C4DE84D1E590BDB0046B0F2</string>
				<string>6C4DE85D1E590DAC0046B0F2</string>
				<string>6C4DE8341E5907AF0046B0F2</string>
				<string>6C4DE83A1E5907DA0046B0F2</string>
				<string>6CB6FBEE1E5912E9003D65EF</string>
			</array>
			<key>isa</key>
			<string>PBXSourcesBuildPhase</string>
			<key>runOnlyForDeploymentPostprocessing</key>
			<string>0</string>
		</dict>
		<key>6C4DE8121E5904920046B0F2</key>
		<dict>
			<key>buildActionMask</key>
			<string>2147483647</string>
			<key>files</key>
			<array>
				<string>02BA2A609E640082BE25D330</string>
			</array>
			<key>isa</key>
			<string>PBXFrameworksBuildPhase</string>
			<key>runOnlyForDeploymentPostprocessing</key>
			<string>0</string>
		</dict>
		<key>6C4DE8131E5904920046B0F2</key>
		<dict>
			<key>buildActionMask</key>
			<string>2147483647</string>
			<key>files</key>
			<array>
				<string>6C4DE8281E5904920046B0F2</string>
				<string>6CB6FBF11E59337A003D65EF</string>
				<string>6C4DE8251E5904920046B0F2</string>
				<string>6C4DE8231E5904920046B0F2</string>
			</array>
			<key>isa</key>
			<string>PBXResourcesBuildPhase</string>
			<key>runOnlyForDeploymentPostprocessing</key>
			<string>0</string>
		</dict>
		<key>6C4DE8141E5904920046B0F2</key>
		<dict>
			<key>buildConfigurationList</key>
			<string>6C4DE82C1E5904920046B0F2</string>
			<key>buildPhases</key>
			<array>
				<string>84DEDEB9893A1BF047429011</string>
				<string>6C4DE8111E5904920046B0F2</string>
				<string>6C4DE8121E5904920046B0F2</string>
				<string>6C4DE8131E5904920046B0F2</string>
				<string>298765672DF7935AB3D1BF9A</string>
				<string>203165CAEEDC7E5377F0DBDE</string>
			</array>
			<key>buildRules</key>
			<array/>
			<key>dependencies</key>
			<array/>
			<key>isa</key>
			<string>PBXNativeTarget</string>
			<key>name</key>
			<string>Play With Pets</string>
			<key>productName</key>
			<string>Play With Pets</string>
			<key>productReference</key>
			<string>6C4DE8151E5904920046B0F2</string>
			<key>productType</key>
			<string>com.apple.product-type.application</string>
		</dict>
		<key>6C4DE8151E5904920046B0F2</key>
		<dict>
			<key>explicitFileType</key>
			<string>wrapper.application</string>
			<key>includeInIndex</key>
			<string>0</string>
			<key>isa</key>
			<string>PBXFileReference</string>
			<key>path</key>
			<string>Play With Pets.app</string>
			<key>sourceTree</key>
			<string>BUILT_PRODUCTS_DIR</string>
		</dict>
		<key>6C4DE8161E5904920046B0F2</key>
		<dict>
			<key>children</key>
			<array>
				<string>6C4DE8151E5904920046B0F2</string>
			</array>
			<key>isa</key>
			<string>PBXGroup</string>
			<key>name</key>
			<string>Products</string>
			<key>sourceTree</key>
			<string>&lt;group&gt;</string>
		</dict>
		<key>6C4DE8171E5904920046B0F2</key>
		<dict>
			<key>children</key>
			<array>
				<string>6C4DE81B1E5904920046B0F2</string>
				<string>6C4DE81C1E5904920046B0F2</string>
				<string>6C4DE8211E5904920046B0F2</string>
				<string>6C4DE8401E5907F90046B0F2</string>
				<string>6C4DE83E1E5907EC0046B0F2</string>
				<string>6C4DE83F1E5907F00046B0F2</string>
				<string>6C4DE84E1E590BE20046B0F2</string>
				<string>6C4DE8241E5904920046B0F2</string>
				<string>6C4DE8261E5904920046B0F2</string>
				<string>6C4DE8291E5904920046B0F2</string>
				<string>6C4DE8181E5904920046B0F2</string>
			</array>
			<key>isa</key>
			<string>PBXGroup</string>
			<key>path</key>
			<string>Play With Pets</string>
			<key>sourceTree</key>
			<string>&lt;group&gt;</string>
		</dict>
		<key>6C4DE8181E5904920046B0F2</key>
		<dict>
			<key>children</key>
			<array>
				<string>6CB6FBF01E59337A003D65EF</string>
				<string>6C4DE8191E5904920046B0F2</string>
				<string>6C4DE8411E5908390046B0F2</string>
			</array>
			<key>isa</key>
			<string>PBXGroup</string>
			<key>name</key>
			<string>Supporting Files</string>
			<key>sourceTree</key>
			<string>&lt;group&gt;</string>
		</dict>
		<key>6C4DE8191E5904920046B0F2</key>
		<dict>
			<key>isa</key>
			<string>PBXFileReference</string>
			<key>lastKnownFileType</key>
			<string>sourcecode.c.objc</string>
			<key>path</key>
			<string>main.m</string>
			<key>sourceTree</key>
			<string>&lt;group&gt;</string>
		</dict>
		<key>6C4DE81A1E5904920046B0F2</key>
		<dict>
			<key>fileRef</key>
			<string>6C4DE8191E5904920046B0F2</string>
			<key>isa</key>
			<string>PBXBuildFile</string>
		</dict>
		<key>6C4DE81B1E5904920046B0F2</key>
		<dict>
			<key>isa</key>
			<string>PBXFileReference</string>
			<key>lastKnownFileType</key>
			<string>sourcecode.c.h</string>
			<key>path</key>
			<string>AppDelegate.h</string>
			<key>sourceTree</key>
			<string>&lt;group&gt;</string>
		</dict>
		<key>6C4DE81C1E5904920046B0F2</key>
		<dict>
			<key>isa</key>
			<string>PBXFileReference</string>
			<key>lastKnownFileType</key>
			<string>sourcecode.c.objc</string>
			<key>path</key>
			<string>AppDelegate.m</string>
			<key>sourceTree</key>
			<string>&lt;group&gt;</string>
		</dict>
		<key>6C4DE81D1E5904920046B0F2</key>
		<dict>
			<key>fileRef</key>
			<string>6C4DE81C1E5904920046B0F2</string>
			<key>isa</key>
			<string>PBXBuildFile</string>
		</dict>
		<key>6C4DE8211E5904920046B0F2</key>
		<dict>
			<key>children</key>
			<array>
				<string>6C4DE8221E5904920046B0F2</string>
			</array>
			<key>isa</key>
			<string>PBXVariantGroup</string>
			<key>name</key>
			<string>Main.storyboard</string>
			<key>sourceTree</key>
			<string>&lt;group&gt;</string>
		</dict>
		<key>6C4DE8221E5904920046B0F2</key>
		<dict>
			<key>isa</key>
			<string>PBXFileReference</string>
			<key>lastKnownFileType</key>
			<string>file.storyboard</string>
			<key>name</key>
			<string>Base</string>
			<key>path</key>
			<string>Base.lproj/Main.storyboard</string>
			<key>sourceTree</key>
			<string>&lt;group&gt;</string>
		</dict>
		<key>6C4DE8231E5904920046B0F2</key>
		<dict>
			<key>fileRef</key>
			<string>6C4DE8211E5904920046B0F2</string>
			<key>isa</key>
			<string>PBXBuildFile</string>
		</dict>
		<key>6C4DE8241E5904920046B0F2</key>
		<dict>
			<key>isa</key>
			<string>PBXFileReference</string>
			<key>lastKnownFileType</key>
			<string>folder.assetcatalog</string>
			<key>path</key>
			<string>Assets.xcassets</string>
			<key>sourceTree</key>
			<string>&lt;group&gt;</string>
		</dict>
		<key>6C4DE8251E5904920046B0F2</key>
		<dict>
			<key>fileRef</key>
			<string>6C4DE8241E5904920046B0F2</string>
			<key>isa</key>
			<string>PBXBuildFile</string>
		</dict>
		<key>6C4DE8261E5904920046B0F2</key>
		<dict>
			<key>children</key>
			<array>
				<string>6C4DE8271E5904920046B0F2</string>
			</array>
			<key>isa</key>
			<string>PBXVariantGroup</string>
			<key>name</key>
			<string>LaunchScreen.storyboard</string>
			<key>sourceTree</key>
			<string>&lt;group&gt;</string>
		</dict>
		<key>6C4DE8271E5904920046B0F2</key>
		<dict>
			<key>isa</key>
			<string>PBXFileReference</string>
			<key>lastKnownFileType</key>
			<string>file.storyboard</string>
			<key>name</key>
			<string>Base</string>
			<key>path</key>
			<string>Base.lproj/LaunchScreen.storyboard</string>
			<key>sourceTree</key>
			<string>&lt;group&gt;</string>
		</dict>
		<key>6C4DE8281E5904920046B0F2</key>
		<dict>
			<key>fileRef</key>
			<string>6C4DE8261E5904920046B0F2</string>
			<key>isa</key>
			<string>PBXBuildFile</string>
		</dict>
		<key>6C4DE8291E5904920046B0F2</key>
		<dict>
			<key>isa</key>
			<string>PBXFileReference</string>
			<key>lastKnownFileType</key>
			<string>text.plist.xml</string>
			<key>path</key>
			<string>Info.plist</string>
			<key>sourceTree</key>
			<string>&lt;group&gt;</string>
		</dict>
		<key>6C4DE82A1E5904920046B0F2</key>
		<dict>
			<key>buildSettings</key>
			<dict>
				<key>ALWAYS_SEARCH_USER_PATHS</key>
				<string>NO</string>
				<key>CLANG_ANALYZER_NONNULL</key>
				<string>YES</string>
				<key>CLANG_CXX_LANGUAGE_STANDARD</key>
				<string>gnu++0x</string>
				<key>CLANG_CXX_LIBRARY</key>
				<string>libc++</string>
				<key>CLANG_ENABLE_MODULES</key>
				<string>YES</string>
				<key>CLANG_ENABLE_OBJC_ARC</key>
				<string>YES</string>
				<key>CLANG_WARN_BOOL_CONVERSION</key>
				<string>YES</string>
				<key>CLANG_WARN_CONSTANT_CONVERSION</key>
				<string>YES</string>
				<key>CLANG_WARN_DIRECT_OBJC_ISA_USAGE</key>
				<string>YES_ERROR</string>
				<key>CLANG_WARN_DOCUMENTATION_COMMENTS</key>
				<string>YES</string>
				<key>CLANG_WARN_EMPTY_BODY</key>
				<string>YES</string>
				<key>CLANG_WARN_ENUM_CONVERSION</key>
				<string>YES</string>
				<key>CLANG_WARN_INFINITE_RECURSION</key>
				<string>YES</string>
				<key>CLANG_WARN_INT_CONVERSION</key>
				<string>YES</string>
				<key>CLANG_WARN_OBJC_ROOT_CLASS</key>
				<string>YES_ERROR</string>
				<key>CLANG_WARN_SUSPICIOUS_MOVE</key>
				<string>YES</string>
				<key>CLANG_WARN_UNREACHABLE_CODE</key>
				<string>YES</string>
				<key>CLANG_WARN__DUPLICATE_METHOD_MATCH</key>
				<string>YES</string>
				<key>CODE_SIGN_IDENTITY[sdk=iphoneos*]</key>
				<string>iPhone Developer</string>
				<key>COPY_PHASE_STRIP</key>
				<string>NO</string>
				<key>DEBUG_INFORMATION_FORMAT</key>
				<string>dwarf</string>
				<key>ENABLE_STRICT_OBJC_MSGSEND</key>
				<string>YES</string>
				<key>ENABLE_TESTABILITY</key>
				<string>YES</string>
				<key>GCC_C_LANGUAGE_STANDARD</key>
				<string>gnu99</string>
				<key>GCC_DYNAMIC_NO_PIC</key>
				<string>NO</string>
				<key>GCC_NO_COMMON_BLOCKS</key>
				<string>YES</string>
				<key>GCC_OPTIMIZATION_LEVEL</key>
				<string>0</string>
				<key>GCC_PREPROCESSOR_DEFINITIONS</key>
				<array>
					<string>DEBUG=1</string>
					<string>$(inherited)</string>
				</array>
				<key>GCC_WARN_64_TO_32_BIT_CONVERSION</key>
				<string>YES</string>
				<key>GCC_WARN_ABOUT_RETURN_TYPE</key>
				<string>YES_ERROR</string>
				<key>GCC_WARN_UNDECLARED_SELECTOR</key>
				<string>YES</string>
				<key>GCC_WARN_UNINITIALIZED_AUTOS</key>
				<string>YES_AGGRESSIVE</string>
				<key>GCC_WARN_UNUSED_FUNCTION</key>
				<string>YES</string>
				<key>GCC_WARN_UNUSED_VARIABLE</key>
				<string>YES</string>
				<key>IPHONEOS_DEPLOYMENT_TARGET</key>
				<string>10.2</string>
				<key>MTL_ENABLE_DEBUG_INFO</key>
				<string>YES</string>
				<key>ONLY_ACTIVE_ARCH</key>
				<string>YES</string>
				<key>SDKROOT</key>
				<string>iphoneos</string>
			</dict>
			<key>isa</key>
			<string>XCBuildConfiguration</string>
			<key>name</key>
			<string>Debug</string>
		</dict>
		<key>6C4DE82B1E5904920046B0F2</key>
		<dict>
			<key>buildSettings</key>
			<dict>
				<key>ALWAYS_SEARCH_USER_PATHS</key>
				<string>NO</string>
				<key>CLANG_ANALYZER_NONNULL</key>
				<string>YES</string>
				<key>CLANG_CXX_LANGUAGE_STANDARD</key>
				<string>gnu++0x</string>
				<key>CLANG_CXX_LIBRARY</key>
				<string>libc++</string>
				<key>CLANG_ENABLE_MODULES</key>
				<string>YES</string>
				<key>CLANG_ENABLE_OBJC_ARC</key>
				<string>YES</string>
				<key>CLANG_WARN_BOOL_CONVERSION</key>
				<string>YES</string>
				<key>CLANG_WARN_CONSTANT_CONVERSION</key>
				<string>YES</string>
				<key>CLANG_WARN_DIRECT_OBJC_ISA_USAGE</key>
				<string>YES_ERROR</string>
				<key>CLANG_WARN_DOCUMENTATION_COMMENTS</key>
				<string>YES</string>
				<key>CLANG_WARN_EMPTY_BODY</key>
				<string>YES</string>
				<key>CLANG_WARN_ENUM_CONVERSION</key>
				<string>YES</string>
				<key>CLANG_WARN_INFINITE_RECURSION</key>
				<string>YES</string>
				<key>CLANG_WARN_INT_CONVERSION</key>
				<string>YES</string>
				<key>CLANG_WARN_OBJC_ROOT_CLASS</key>
				<string>YES_ERROR</string>
				<key>CLANG_WARN_SUSPICIOUS_MOVE</key>
				<string>YES</string>
				<key>CLANG_WARN_UNREACHABLE_CODE</key>
				<string>YES</string>
				<key>CLANG_WARN__DUPLICATE_METHOD_MATCH</key>
				<string>YES</string>
				<key>CODE_SIGN_IDENTITY[sdk=iphoneos*]</key>
				<string>iPhone Developer</string>
				<key>COPY_PHASE_STRIP</key>
				<string>NO</string>
				<key>DEBUG_INFORMATION_FORMAT</key>
				<string>dwarf-with-dsym</string>
				<key>ENABLE_NS_ASSERTIONS</key>
				<string>NO</string>
				<key>ENABLE_STRICT_OBJC_MSGSEND</key>
				<string>YES</string>
				<key>GCC_C_LANGUAGE_STANDARD</key>
				<string>gnu99</string>
				<key>GCC_NO_COMMON_BLOCKS</key>
				<string>YES</string>
				<key>GCC_WARN_64_TO_32_BIT_CONVERSION</key>
				<string>YES</string>
				<key>GCC_WARN_ABOUT_RETURN_TYPE</key>
				<string>YES_ERROR</string>
				<key>GCC_WARN_UNDECLARED_SELECTOR</key>
				<string>YES</string>
				<key>GCC_WARN_UNINITIALIZED_AUTOS</key>
				<string>YES_AGGRESSIVE</string>
				<key>GCC_WARN_UNUSED_FUNCTION</key>
				<string>YES</string>
				<key>GCC_WARN_UNUSED_VARIABLE</key>
				<string>YES</string>
				<key>IPHONEOS_DEPLOYMENT_TARGET</key>
				<string>10.2</string>
				<key>MTL_ENABLE_DEBUG_INFO</key>
				<string>NO</string>
				<key>SDKROOT</key>
				<string>iphoneos</string>
				<key>VALIDATE_PRODUCT</key>
				<string>YES</string>
			</dict>
			<key>isa</key>
			<string>XCBuildConfiguration</string>
			<key>name</key>
			<string>Release</string>
		</dict>
		<key>6C4DE82C1E5904920046B0F2</key>
		<dict>
			<key>buildConfigurations</key>
			<array>
				<string>6C4DE82D1E5904920046B0F2</string>
				<string>6C4DE82E1E5904920046B0F2</string>
			</array>
			<key>defaultConfigurationIsVisible</key>
			<string>0</string>
			<key>defaultConfigurationName</key>
			<string>Release</string>
			<key>isa</key>
			<string>XCConfigurationList</string>
		</dict>
		<key>6C4DE82D1E5904920046B0F2</key>
		<dict>
			<key>baseConfigurationReference</key>
			<string>0834BFBF9CC2FED5DA2E7FD4</string>
			<key>buildSettings</key>
			<dict>
				<key>ASSETCATALOG_COMPILER_APPICON_NAME</key>
				<string>AppIcon</string>
				<key>DEVELOPMENT_TEAM</key>
				<string></string>
				<key>GCC_PREFIX_HEADER</key>
				<string>$(SRCROOT)/Play With Pets/Play-With-Pets-Prefix.pch</string>
				<key>INFOPLIST_FILE</key>
				<string>Play With Pets/Info.plist</string>
				<key>LD_RUNPATH_SEARCH_PATHS</key>
				<string>$(inherited) @executable_path/Frameworks</string>
				<key>PRODUCT_BUNDLE_IDENTIFIER</key>
				<string>com.spenceryen.Play-With-Pets</string>
				<key>PRODUCT_NAME</key>
				<string>$(TARGET_NAME)</string>
			</dict>
			<key>isa</key>
			<string>XCBuildConfiguration</string>
			<key>name</key>
			<string>Debug</string>
		</dict>
		<key>6C4DE82E1E5904920046B0F2</key>
		<dict>
			<key>baseConfigurationReference</key>
			<string>2330EF382EDE5D2DAF4D2EFE</string>
			<key>buildSettings</key>
			<dict>
				<key>ASSETCATALOG_COMPILER_APPICON_NAME</key>
				<string>AppIcon</string>
				<key>DEVELOPMENT_TEAM</key>
				<string></string>
				<key>GCC_PREFIX_HEADER</key>
				<string>$(SRCROOT)/Play With Pets/Play-With-Pets-Prefix.pch</string>
				<key>INFOPLIST_FILE</key>
				<string>Play With Pets/Info.plist</string>
				<key>LD_RUNPATH_SEARCH_PATHS</key>
				<string>$(inherited) @executable_path/Frameworks</string>
				<key>PRODUCT_BUNDLE_IDENTIFIER</key>
				<string>com.spenceryen.Play-With-Pets</string>
				<key>PRODUCT_NAME</key>
				<string>$(TARGET_NAME)</string>
			</dict>
			<key>isa</key>
			<string>XCBuildConfiguration</string>
			<key>name</key>
			<string>Release</string>
		</dict>
		<key>6C4DE82F1E59073C0046B0F2</key>
		<dict>
			<key>fileEncoding</key>
			<string>4</string>
			<key>isa</key>
			<string>PBXFileReference</string>
			<key>lastKnownFileType</key>
			<string>sourcecode.c.h</string>
			<key>name</key>
			<string>PPPetsViewController.h</string>
			<key>path</key>
			<string>Controllers/PPPetsViewController.h</string>
			<key>sourceTree</key>
			<string>&lt;group&gt;</string>
		</dict>
		<key>6C4DE8301E59073C0046B0F2</key>
		<dict>
			<key>fileEncoding</key>
			<string>4</string>
			<key>isa</key>
			<string>PBXFileReference</string>
			<key>lastKnownFileType</key>
			<string>sourcecode.c.objc</string>
			<key>name</key>
			<string>PPPetsViewController.m</string>
			<key>path</key>
			<string>Controllers/PPPetsViewController.m</string>
			<key>sourceTree</key>
			<string>&lt;group&gt;</string>
		</dict>
		<key>6C4DE8311E59073C0046B0F2</key>
		<dict>
			<key>fileRef</key>
			<string>6C4DE8301E59073C0046B0F2</string>
			<key>isa</key>
			<string>PBXBuildFile</string>
		</dict>
		<key>6C4DE8321E5907AF0046B0F2</key>
		<dict>
			<key>fileEncoding</key>
			<string>4</string>
			<key>isa</key>
			<string>PBXFileReference</string>
			<key>lastKnownFileType</key>
			<string>sourcecode.c.h</string>
			<key>name</key>
			<string>PPPet.h</string>
			<key>path</key>
			<string>Models/PPPet.h</string>
			<key>sourceTree</key>
			<string>&lt;group&gt;</string>
		</dict>
		<key>6C4DE8331E5907AF0046B0F2</key>
		<dict>
			<key>fileEncoding</key>
			<string>4</string>
			<key>isa</key>
			<string>PBXFileReference</string>
			<key>lastKnownFileType</key>
			<string>sourcecode.c.objc</string>
			<key>name</key>
			<string>PPPet.m</string>
			<key>path</key>
			<string>Models/PPPet.m</string>
			<key>sourceTree</key>
			<string>&lt;group&gt;</string>
		</dict>
		<key>6C4DE8341E5907AF0046B0F2</key>
		<dict>
			<key>fileRef</key>
			<string>6C4DE8331E5907AF0046B0F2</string>
			<key>isa</key>
			<string>PBXBuildFile</string>
		</dict>
		<key>6C4DE8381E5907DA0046B0F2</key>
		<dict>
			<key>fileEncoding</key>
			<string>4</string>
			<key>isa</key>
			<string>PBXFileReference</string>
			<key>lastKnownFileType</key>
			<string>sourcecode.c.h</string>
			<key>name</key>
			<string>PPUser.h</string>
			<key>path</key>
			<string>Models/PPUser.h</string>
			<key>sourceTree</key>
			<string>&lt;group&gt;</string>
		</dict>
		<key>6C4DE8391E5907DA0046B0F2</key>
		<dict>
			<key>fileEncoding</key>
			<string>4</string>
			<key>isa</key>
			<string>PBXFileReference</string>
			<key>lastKnownFileType</key>
			<string>sourcecode.c.objc</string>
			<key>name</key>
			<string>PPUser.m</string>
			<key>path</key>
			<string>Models/PPUser.m</string>
			<key>sourceTree</key>
			<string>&lt;group&gt;</string>
		</dict>
		<key>6C4DE83A1E5907DA0046B0F2</key>
		<dict>
			<key>fileRef</key>
			<string>6C4DE8391E5907DA0046B0F2</string>
			<key>isa</key>
			<string>PBXBuildFile</string>
		</dict>
		<key>6C4DE83B1E5907E90046B0F2</key>
		<dict>
			<key>fileEncoding</key>
			<string>4</string>
			<key>isa</key>
			<string>PBXFileReference</string>
			<key>lastKnownFileType</key>
			<string>sourcecode.c.h</string>
			<key>name</key>
			<string>PPPetCardView.h</string>
			<key>path</key>
			<string>Views/PPPetCardView.h</string>
			<key>sourceTree</key>
			<string>&lt;group&gt;</string>
		</dict>
		<key>6C4DE83C1E5907E90046B0F2</key>
		<dict>
			<key>fileEncoding</key>
			<string>4</string>
			<key>isa</key>
			<string>PBXFileReference</string>
			<key>lastKnownFileType</key>
			<string>sourcecode.c.objc</string>
			<key>name</key>
			<string>PPPetCardView.m</string>
			<key>path</key>
			<string>Views/PPPetCardView.m</string>
			<key>sourceTree</key>
			<string>&lt;group&gt;</string>
		</dict>
		<key>6C4DE83D1E5907E90046B0F2</key>
		<dict>
			<key>fileRef</key>
			<string>6C4DE83C1E5907E90046B0F2</string>
			<key>isa</key>
			<string>PBXBuildFile</string>
		</dict>
		<key>6C4DE83E1E5907EC0046B0F2</key>
		<dict>
			<key>children</key>
			<array>
				<string>6C4DE83B1E5907E90046B0F2</string>
				<string>6C4DE83C1E5907E90046B0F2</string>
				<string>6C4DE85B1E590DAC0046B0F2</string>
				<string>6C4DE85C1E590DAC0046B0F2</string>
			</array>
			<key>isa</key>
			<string>PBXGroup</string>
			<key>name</key>
			<string>Views</string>
			<key>sourceTree</key>
			<string>&lt;group&gt;</string>
		</dict>
		<key>6C4DE83F1E5907F00046B0F2</key>
		<dict>
			<key>children</key>
			<array>
				<string>6C4DE8321E5907AF0046B0F2</string>
				<string>6C4DE8331E5907AF0046B0F2</string>
				<string>6C4DE8481E590A620046B0F2</string>
				<string>6C4DE8491E590A620046B0F2</string>
				<string>6C4DE8381E5907DA0046B0F2</string>
				<string>6C4DE8391E5907DA0046B0F2</string>
			</array>
			<key>isa</key>
			<string>PBXGroup</string>
			<key>name</key>
			<string>Models</string>
			<key>sourceTree</key>
			<string>&lt;group&gt;</string>
		</dict>
		<key>6C4DE8401E5907F90046B0F2</key>
		<dict>
			<key>children</key>
			<array>
				<string>6C4DE82F1E59073C0046B0F2</string>
				<string>6C4DE8301E59073C0046B0F2</string>
				<string>6C4DE8421E5908F90046B0F2</string>
				<string>6C4DE8431E5908F90046B0F2</string>
				<string>6C4DE8451E5909260046B0F2</string>
				<string>6C4DE8461E5909260046B0F2</string>
			</array>
			<key>isa</key>
			<string>PBXGroup</string>
			<key>name</key>
			<string>Controllers</string>
			<key>sourceTree</key>
			<string>&lt;group&gt;</string>
		</dict>
		<key>6C4DE8411E5908390046B0F2</key>
		<dict>
			<key>isa</key>
			<string>PBXFileReference</string>
			<key>lastKnownFileType</key>
			<string>sourcecode.c.h</string>
			<key>path</key>
			<string>Play-With-Pets-Prefix.pch</string>
			<key>sourceTree</key>
			<string>&lt;group&gt;</string>
		</dict>
		<key>6C4DE8421E5908F90046B0F2</key>
		<dict>
			<key>fileEncoding</key>
			<string>4</string>
			<key>isa</key>
			<string>PBXFileReference</string>
			<key>lastKnownFileType</key>
			<string>sourcecode.c.h</string>
			<key>name</key>
			<string>PPPlayDatesViewController.h</string>
			<key>path</key>
			<string>Controllers/PPPlayDatesViewController.h</string>
			<key>sourceTree</key>
			<string>&lt;group&gt;</string>
		</dict>
		<key>6C4DE8431E5908F90046B0F2</key>
		<dict>
			<key>fileEncoding</key>
			<string>4</string>
			<key>isa</key>
			<string>PBXFileReference</string>
			<key>lastKnownFileType</key>
			<string>sourcecode.c.objc</string>
			<key>name</key>
			<string>PPPlayDatesViewController.m</string>
			<key>path</key>
			<string>Controllers/PPPlayDatesViewController.m</string>
			<key>sourceTree</key>
			<string>&lt;group&gt;</string>
		</dict>
		<key>6C4DE8441E5908F90046B0F2</key>
		<dict>
			<key>fileRef</key>
			<string>6C4DE8431E5908F90046B0F2</string>
			<key>isa</key>
			<string>PBXBuildFile</string>
		</dict>
		<key>6C4DE8451E5909260046B0F2</key>
		<dict>
			<key>fileEncoding</key>
			<string>4</string>
			<key>isa</key>
			<string>PBXFileReference</string>
			<key>lastKnownFileType</key>
			<string>sourcecode.c.h</string>
			<key>name</key>
			<string>PPPetDetailViewController.h</string>
			<key>path</key>
			<string>Controllers/PPPetDetailViewController.h</string>
			<key>sourceTree</key>
			<string>&lt;group&gt;</string>
		</dict>
		<key>6C4DE8461E5909260046B0F2</key>
		<dict>
			<key>fileEncoding</key>
			<string>4</string>
			<key>isa</key>
			<string>PBXFileReference</string>
			<key>lastKnownFileType</key>
			<string>sourcecode.c.objc</string>
			<key>name</key>
			<string>PPPetDetailViewController.m</string>
			<key>path</key>
			<string>Controllers/PPPetDetailViewController.m</string>
			<key>sourceTree</key>
			<string>&lt;group&gt;</string>
		</dict>
		<key>6C4DE8471E5909260046B0F2</key>
		<dict>
			<key>fileRef</key>
			<string>6C4DE8461E5909260046B0F2</string>
			<key>isa</key>
			<string>PBXBuildFile</string>
		</dict>
		<key>6C4DE8481E590A620046B0F2</key>
		<dict>
			<key>fileEncoding</key>
			<string>4</string>
			<key>isa</key>
			<string>PBXFileReference</string>
			<key>lastKnownFileType</key>
			<string>sourcecode.c.h</string>
			<key>name</key>
			<string>PPShelter.h</string>
			<key>path</key>
			<string>Models/PPShelter.h</string>
			<key>sourceTree</key>
			<string>&lt;group&gt;</string>
		</dict>
		<key>6C4DE8491E590A620046B0F2</key>
		<dict>
			<key>fileEncoding</key>
			<string>4</string>
			<key>isa</key>
			<string>PBXFileReference</string>
			<key>lastKnownFileType</key>
			<string>sourcecode.c.objc</string>
			<key>name</key>
			<string>PPShelter.m</string>
			<key>path</key>
			<string>Models/PPShelter.m</string>
			<key>sourceTree</key>
			<string>&lt;group&gt;</string>
		</dict>
		<key>6C4DE84A1E590A620046B0F2</key>
		<dict>
			<key>fileRef</key>
			<string>6C4DE8491E590A620046B0F2</string>
			<key>isa</key>
			<string>PBXBuildFile</string>
		</dict>
		<key>6C4DE84B1E590BDB0046B0F2</key>
		<dict>
			<key>fileEncoding</key>
			<string>4</string>
			<key>isa</key>
			<string>PBXFileReference</string>
			<key>lastKnownFileType</key>
			<string>sourcecode.c.h</string>
			<key>name</key>
			<string>UIColor+Play_With_Pets.h</string>
			<key>path</key>
			<string>Categories/UIColor+Play_With_Pets.h</string>
			<key>sourceTree</key>
			<string>&lt;group&gt;</string>
		</dict>
		<key>6C4DE84C1E590BDB0046B0F2</key>
		<dict>
			<key>fileEncoding</key>
			<string>4</string>
			<key>isa</key>
			<string>PBXFileReference</string>
			<key>lastKnownFileType</key>
			<string>sourcecode.c.objc</string>
			<key>name</key>
			<string>UIColor+Play_With_Pets.m</string>
			<key>path</key>
			<string>Categories/UIColor+Play_With_Pets.m</string>
			<key>sourceTree</key>
			<string>&lt;group&gt;</string>
		</dict>
		<key>6C4DE84D1E590BDB0046B0F2</key>
		<dict>
			<key>fileRef</key>
			<string>6C4DE84C1E590BDB0046B0F2</string>
			<key>isa</key>
			<string>PBXBuildFile</string>
		</dict>
		<key>6C4DE84E1E590BE20046B0F2</key>
		<dict>
			<key>children</key>
			<array>
				<string>6CB6FBEA1E5912E9003D65EF</string>
				<string>6CB6FBEB1E5912E9003D65EF</string>
				<string>6CB6FBEC1E5912E9003D65EF</string>
				<string>6CB6FBED1E5912E9003D65EF</string>
				<string>6C4DE8581E590C6F0046B0F2</string>
				<string>6C4DE8591E590C6F0046B0F2</string>
				<string>6C4DE84B1E590BDB0046B0F2</string>
				<string>6C4DE84C1E590BDB0046B0F2</string>
				<string>6C4DE84F1E590C140046B0F2</string>
				<string>6C4DE8501E590C140046B0F2</string>
				<string>6C4DE8551E590C510046B0F2</string>
				<string>6C4DE8561E590C510046B0F2</string>
			</array>
			<key>isa</key>
			<string>PBXGroup</string>
			<key>name</key>
			<string>Cateogires</string>
			<key>sourceTree</key>
			<string>&lt;group&gt;</string>
		</dict>
		<key>6C4DE84F1E590C140046B0F2</key>
		<dict>
			<key>fileEncoding</key>
			<string>4</string>
			<key>isa</key>
			<string>PBXFileReference</string>
			<key>lastKnownFileType</key>
			<string>sourcecode.c.h</string>
			<key>name</key>
			<string>NSObject+Play_With_Pets.h</string>
			<key>path</key>
			<string>Categories/NSObject+Play_With_Pets.h</string>
			<key>sourceTree</key>
			<string>&lt;group&gt;</string>
		</dict>
		<key>6C4DE8501E590C140046B0F2</key>
		<dict>
			<key>fileEncoding</key>
			<string>4</string>
			<key>isa</key>
			<string>PBXFileReference</string>
			<key>lastKnownFileType</key>
			<string>sourcecode.c.objc</string>
			<key>name</key>
			<string>NSObject+Play_With_Pets.m</string>
			<key>path</key>
			<string>Categories/NSObject+Play_With_Pets.m</string>
			<key>sourceTree</key>
			<string>&lt;group&gt;</string>
		</dict>
		<key>6C4DE8511E590C140046B0F2</key>
		<dict>
			<key>fileRef</key>
			<string>6C4DE8501E590C140046B0F2</string>
			<key>isa</key>
			<string>PBXBuildFile</string>
		</dict>
		<key>6C4DE8551E590C510046B0F2</key>
		<dict>
			<key>fileEncoding</key>
			<string>4</string>
			<key>isa</key>
			<string>PBXFileReference</string>
			<key>lastKnownFileType</key>
			<string>sourcecode.c.h</string>
			<key>name</key>
			<string>UIFont+Play_With_Pets.h</string>
			<key>path</key>
			<string>Categories/UIFont+Play_With_Pets.h</string>
			<key>sourceTree</key>
			<string>&lt;group&gt;</string>
		</dict>
		<key>6C4DE8561E590C510046B0F2</key>
		<dict>
			<key>fileEncoding</key>
			<string>4</string>
			<key>isa</key>
			<string>PBXFileReference</string>
			<key>lastKnownFileType</key>
			<string>sourcecode.c.objc</string>
			<key>name</key>
			<string>UIFont+Play_With_Pets.m</string>
			<key>path</key>
			<string>Categories/UIFont+Play_With_Pets.m</string>
			<key>sourceTree</key>
			<string>&lt;group&gt;</string>
		</dict>
		<key>6C4DE8571E590C510046B0F2</key>
		<dict>
			<key>fileRef</key>
			<string>6C4DE8561E590C510046B0F2</string>
			<key>isa</key>
			<string>PBXBuildFile</string>
		</dict>
		<key>6C4DE8581E590C6F0046B0F2</key>
		<dict>
			<key>fileEncoding</key>
			<string>4</string>
			<key>isa</key>
			<string>PBXFileReference</string>
			<key>lastKnownFileType</key>
			<string>sourcecode.c.h</string>
			<key>name</key>
			<string>NSDate+Utilities.h</string>
			<key>path</key>
			<string>Categories/NSDate+Utilities.h</string>
			<key>sourceTree</key>
			<string>&lt;group&gt;</string>
		</dict>
		<key>6C4DE8591E590C6F0046B0F2</key>
		<dict>
			<key>fileEncoding</key>
			<string>4</string>
			<key>isa</key>
			<string>PBXFileReference</string>
			<key>lastKnownFileType</key>
			<string>sourcecode.c.objc</string>
			<key>name</key>
			<string>NSDate+Utilities.m</string>
			<key>path</key>
			<string>Categories/NSDate+Utilities.m</string>
			<key>sourceTree</key>
			<string>&lt;group&gt;</string>
		</dict>
		<key>6C4DE85A1E590C6F0046B0F2</key>
		<dict>
			<key>fileRef</key>
			<string>6C4DE8591E590C6F0046B0F2</string>
			<key>isa</key>
			<string>PBXBuildFile</string>
		</dict>
		<key>6C4DE85B1E590DAC0046B0F2</key>
		<dict>
			<key>fileEncoding</key>
			<string>4</string>
			<key>isa</key>
			<string>PBXFileReference</string>
			<key>lastKnownFileType</key>
			<string>sourcecode.c.h</string>
			<key>name</key>
			<string>FLHighlightedButton.h</string>
			<key>path</key>
			<string>Views/FLHighlightedButton.h</string>
			<key>sourceTree</key>
			<string>&lt;group&gt;</string>
		</dict>
		<key>6C4DE85C1E590DAC0046B0F2</key>
		<dict>
			<key>fileEncoding</key>
			<string>4</string>
			<key>isa</key>
			<string>PBXFileReference</string>
			<key>lastKnownFileType</key>
			<string>sourcecode.c.objc</string>
			<key>name</key>
			<string>FLHighlightedButton.m</string>
			<key>path</key>
			<string>Views/FLHighlightedButton.m</string>
			<key>sourceTree</key>
			<string>&lt;group&gt;</string>
		</dict>
		<key>6C4DE85D1E590DAC0046B0F2</key>
		<dict>
			<key>fileRef</key>
			<string>6C4DE85C1E590DAC0046B0F2</string>
			<key>isa</key>
			<string>PBXBuildFile</string>
		</dict>
		<key>6CB6FBEA1E5912E9003D65EF</key>
		<dict>
			<key>fileEncoding</key>
			<string>4</string>
			<key>isa</key>
			<string>PBXFileReference</string>
			<key>lastKnownFileType</key>
			<string>sourcecode.c.h</string>
			<key>name</key>
			<string>MDCGeometry.h</string>
			<key>path</key>
			<string>Categories/MDCGeometry.h</string>
			<key>sourceTree</key>
			<string>&lt;group&gt;</string>
		</dict>
		<key>6CB6FBEB1E5912E9003D65EF</key>
		<dict>
			<key>fileEncoding</key>
			<string>4</string>
			<key>isa</key>
			<string>PBXFileReference</string>
			<key>lastKnownFileType</key>
			<string>sourcecode.c.objc</string>
			<key>name</key>
			<string>MDCGeometry.m</string>
			<key>path</key>
			<string>Categories/MDCGeometry.m</string>
			<key>sourceTree</key>
			<string>&lt;group&gt;</string>
		</dict>
		<key>6CB6FBEC1E5912E9003D65EF</key>
		<dict>
			<key>fileEncoding</key>
			<string>4</string>
			<key>isa</key>
			<string>PBXFileReference</string>
			<key>lastKnownFileType</key>
			<string>sourcecode.c.h</string>
			<key>name</key>
			<string>UIView+MDCBorderedLabel.h</string>
			<key>path</key>
			<string>Categories/UIView+MDCBorderedLabel.h</string>
			<key>sourceTree</key>
			<string>&lt;group&gt;</string>
		</dict>
		<key>6CB6FBED1E5912E9003D65EF</key>
		<dict>
			<key>fileEncoding</key>
			<string>4</string>
			<key>isa</key>
			<string>PBXFileReference</string>
			<key>lastKnownFileType</key>
			<string>sourcecode.c.objc</string>
			<key>name</key>
			<string>UIView+MDCBorderedLabel.m</string>
			<key>path</key>
			<string>Categories/UIView+MDCBorderedLabel.m</string>
			<key>sourceTree</key>
			<string>&lt;group&gt;</string>
		</dict>
		<key>6CB6FBEE1E5912E9003D65EF</key>
		<dict>
			<key>fileRef</key>
			<string>6CB6FBEB1E5912E9003D65EF</string>
			<key>isa</key>
			<string>PBXBuildFile</string>
		</dict>
		<key>6CB6FBEF1E5912E9003D65EF</key>
		<dict>
			<key>fileRef</key>
			<string>6CB6FBED1E5912E9003D65EF</string>
			<key>isa</key>
			<string>PBXBuildFile</string>
		</dict>
		<key>6CB6FBF01E59337A003D65EF</key>
		<dict>
			<key>fileEncoding</key>
			<string>4</string>
			<key>isa</key>
			<string>PBXFileReference</string>
			<key>lastKnownFileType</key>
			<string>text.plist.xml</string>
			<key>path</key>
			<string>GoogleService-Info.plist</string>
			<key>sourceTree</key>
			<string>&lt;group&gt;</string>
		</dict>
		<key>6CB6FBF11E59337A003D65EF</key>
		<dict>
			<key>fileRef</key>
			<string>6CB6FBF01E59337A003D65EF</string>
			<key>isa</key>
			<string>PBXBuildFile</string>
		</dict>
		<key>75CB7AE50AA2BDBFCC991970</key>
		<dict>
			<key>explicitFileType</key>
			<string>archive.ar</string>
			<key>includeInIndex</key>
			<string>0</string>
			<key>isa</key>
			<string>PBXFileReference</string>
			<key>path</key>
			<string>libPods-Play With Pets.a</string>
			<key>sourceTree</key>
			<string>BUILT_PRODUCTS_DIR</string>
		</dict>
		<key>84DEDEB9893A1BF047429011</key>
		<dict>
			<key>buildActionMask</key>
			<string>2147483647</string>
			<key>files</key>
			<array/>
			<key>inputPaths</key>
			<array/>
			<key>isa</key>
			<string>PBXShellScriptBuildPhase</string>
			<key>name</key>
			<string>[CP] Check Pods Manifest.lock</string>
			<key>outputPaths</key>
			<array/>
			<key>runOnlyForDeploymentPostprocessing</key>
			<string>0</string>
			<key>shellPath</key>
			<string>/bin/sh</string>
			<key>shellScript</key>
			<string>diff "${PODS_ROOT}/../Podfile.lock" "${PODS_ROOT}/Manifest.lock" &gt; /dev/null
if [[ $? != 0 ]] ; then
    cat &lt;&lt; EOM
error: The sandbox is not in sync with the Podfile.lock. Run 'pod install' or update your CocoaPods installation.
EOM
    exit 1
fi
</string>
			<key>showEnvVarsInLog</key>
			<string>0</string>
		</dict>
		<key>DA75CA51583463A6B221951E</key>
		<dict>
			<key>children</key>
			<array>
				<string>0834BFBF9CC2FED5DA2E7FD4</string>
				<string>2330EF382EDE5D2DAF4D2EFE</string>
			</array>
			<key>isa</key>
			<string>PBXGroup</string>
			<key>name</key>
			<string>Pods</string>
			<key>sourceTree</key>
			<string>&lt;group&gt;</string>
		</dict>
	</dict>
	<key>rootObject</key>
	<string>6C4DE80D1E5904920046B0F2</string>
</dict>
</plist>
=======
// !$*UTF8*$!
{
	archiveVersion = 1;
	classes = {
	};
	objectVersion = 46;
	objects = {

/* Begin PBXBuildFile section */
		02BA2A609E640082BE25D330 /* libPods-Play With Pets.a in Frameworks */ = {isa = PBXBuildFile; fileRef = 75CB7AE50AA2BDBFCC991970 /* libPods-Play With Pets.a */; };
		6C4DE81A1E5904920046B0F2 /* main.m in Sources */ = {isa = PBXBuildFile; fileRef = 6C4DE8191E5904920046B0F2 /* main.m */; };
		6C4DE81D1E5904920046B0F2 /* AppDelegate.m in Sources */ = {isa = PBXBuildFile; fileRef = 6C4DE81C1E5904920046B0F2 /* AppDelegate.m */; };
		6C4DE8231E5904920046B0F2 /* Main.storyboard in Resources */ = {isa = PBXBuildFile; fileRef = 6C4DE8211E5904920046B0F2 /* Main.storyboard */; };
		6C4DE8251E5904920046B0F2 /* Assets.xcassets in Resources */ = {isa = PBXBuildFile; fileRef = 6C4DE8241E5904920046B0F2 /* Assets.xcassets */; };
		6C4DE8281E5904920046B0F2 /* LaunchScreen.storyboard in Resources */ = {isa = PBXBuildFile; fileRef = 6C4DE8261E5904920046B0F2 /* LaunchScreen.storyboard */; };
		6C4DE8311E59073C0046B0F2 /* PPPetsViewController.m in Sources */ = {isa = PBXBuildFile; fileRef = 6C4DE8301E59073C0046B0F2 /* PPPetsViewController.m */; };
		6C4DE8341E5907AF0046B0F2 /* PPPet.m in Sources */ = {isa = PBXBuildFile; fileRef = 6C4DE8331E5907AF0046B0F2 /* PPPet.m */; };
		6C4DE83A1E5907DA0046B0F2 /* PPUser.m in Sources */ = {isa = PBXBuildFile; fileRef = 6C4DE8391E5907DA0046B0F2 /* PPUser.m */; };
		6C4DE83D1E5907E90046B0F2 /* PPPetCardView.m in Sources */ = {isa = PBXBuildFile; fileRef = 6C4DE83C1E5907E90046B0F2 /* PPPetCardView.m */; };
		6C4DE8441E5908F90046B0F2 /* PPPlayDatesViewController.m in Sources */ = {isa = PBXBuildFile; fileRef = 6C4DE8431E5908F90046B0F2 /* PPPlayDatesViewController.m */; };
		6C4DE8471E5909260046B0F2 /* PPPetDetailViewController.m in Sources */ = {isa = PBXBuildFile; fileRef = 6C4DE8461E5909260046B0F2 /* PPPetDetailViewController.m */; };
		6C4DE84A1E590A620046B0F2 /* PPShelter.m in Sources */ = {isa = PBXBuildFile; fileRef = 6C4DE8491E590A620046B0F2 /* PPShelter.m */; };
		6C4DE84D1E590BDB0046B0F2 /* UIColor+Play_With_Pets.m in Sources */ = {isa = PBXBuildFile; fileRef = 6C4DE84C1E590BDB0046B0F2 /* UIColor+Play_With_Pets.m */; };
		6C4DE8511E590C140046B0F2 /* NSObject+Play_With_Pets.m in Sources */ = {isa = PBXBuildFile; fileRef = 6C4DE8501E590C140046B0F2 /* NSObject+Play_With_Pets.m */; };
		6C4DE8571E590C510046B0F2 /* UIFont+Play_With_Pets.m in Sources */ = {isa = PBXBuildFile; fileRef = 6C4DE8561E590C510046B0F2 /* UIFont+Play_With_Pets.m */; };
		6C4DE85A1E590C6F0046B0F2 /* NSDate+Utilities.m in Sources */ = {isa = PBXBuildFile; fileRef = 6C4DE8591E590C6F0046B0F2 /* NSDate+Utilities.m */; };
		6C4DE85D1E590DAC0046B0F2 /* FLHighlightedButton.m in Sources */ = {isa = PBXBuildFile; fileRef = 6C4DE85C1E590DAC0046B0F2 /* FLHighlightedButton.m */; };
		6CB6FBEE1E5912E9003D65EF /* MDCGeometry.m in Sources */ = {isa = PBXBuildFile; fileRef = 6CB6FBEB1E5912E9003D65EF /* MDCGeometry.m */; };
		6CB6FBEF1E5912E9003D65EF /* UIView+MDCBorderedLabel.m in Sources */ = {isa = PBXBuildFile; fileRef = 6CB6FBED1E5912E9003D65EF /* UIView+MDCBorderedLabel.m */; };
		6CB6FBF11E59337A003D65EF /* GoogleService-Info.plist in Resources */ = {isa = PBXBuildFile; fileRef = 6CB6FBF01E59337A003D65EF /* GoogleService-Info.plist */; };
		6CB6FBF41E595103003D65EF /* PPLoginViewController.m in Sources */ = {isa = PBXBuildFile; fileRef = 6CB6FBF31E595103003D65EF /* PPLoginViewController.m */; };
		6CB6FBF71E595354003D65EF /* PPAPIManager.m in Sources */ = {isa = PBXBuildFile; fileRef = 6CB6FBF61E595354003D65EF /* PPAPIManager.m */; };
/* End PBXBuildFile section */

/* Begin PBXFileReference section */
		0834BFBF9CC2FED5DA2E7FD4 /* Pods-Play With Pets.debug.xcconfig */ = {isa = PBXFileReference; includeInIndex = 1; lastKnownFileType = text.xcconfig; name = "Pods-Play With Pets.debug.xcconfig"; path = "Pods/Target Support Files/Pods-Play With Pets/Pods-Play With Pets.debug.xcconfig"; sourceTree = "<group>"; };
		2330EF382EDE5D2DAF4D2EFE /* Pods-Play With Pets.release.xcconfig */ = {isa = PBXFileReference; includeInIndex = 1; lastKnownFileType = text.xcconfig; name = "Pods-Play With Pets.release.xcconfig"; path = "Pods/Target Support Files/Pods-Play With Pets/Pods-Play With Pets.release.xcconfig"; sourceTree = "<group>"; };
		6C4DE8151E5904920046B0F2 /* Play With Pets.app */ = {isa = PBXFileReference; explicitFileType = wrapper.application; includeInIndex = 0; path = "Play With Pets.app"; sourceTree = BUILT_PRODUCTS_DIR; };
		6C4DE8191E5904920046B0F2 /* main.m */ = {isa = PBXFileReference; lastKnownFileType = sourcecode.c.objc; path = main.m; sourceTree = "<group>"; };
		6C4DE81B1E5904920046B0F2 /* AppDelegate.h */ = {isa = PBXFileReference; lastKnownFileType = sourcecode.c.h; path = AppDelegate.h; sourceTree = "<group>"; };
		6C4DE81C1E5904920046B0F2 /* AppDelegate.m */ = {isa = PBXFileReference; lastKnownFileType = sourcecode.c.objc; path = AppDelegate.m; sourceTree = "<group>"; };
		6C4DE8221E5904920046B0F2 /* Base */ = {isa = PBXFileReference; lastKnownFileType = file.storyboard; name = Base; path = Base.lproj/Main.storyboard; sourceTree = "<group>"; };
		6C4DE8241E5904920046B0F2 /* Assets.xcassets */ = {isa = PBXFileReference; lastKnownFileType = folder.assetcatalog; path = Assets.xcassets; sourceTree = "<group>"; };
		6C4DE8271E5904920046B0F2 /* Base */ = {isa = PBXFileReference; lastKnownFileType = file.storyboard; name = Base; path = Base.lproj/LaunchScreen.storyboard; sourceTree = "<group>"; };
		6C4DE8291E5904920046B0F2 /* Info.plist */ = {isa = PBXFileReference; lastKnownFileType = text.plist.xml; path = Info.plist; sourceTree = "<group>"; };
		6C4DE82F1E59073C0046B0F2 /* PPPetsViewController.h */ = {isa = PBXFileReference; fileEncoding = 4; lastKnownFileType = sourcecode.c.h; name = PPPetsViewController.h; path = Controllers/PPPetsViewController.h; sourceTree = "<group>"; };
		6C4DE8301E59073C0046B0F2 /* PPPetsViewController.m */ = {isa = PBXFileReference; fileEncoding = 4; lastKnownFileType = sourcecode.c.objc; name = PPPetsViewController.m; path = Controllers/PPPetsViewController.m; sourceTree = "<group>"; };
		6C4DE8321E5907AF0046B0F2 /* PPPet.h */ = {isa = PBXFileReference; fileEncoding = 4; lastKnownFileType = sourcecode.c.h; name = PPPet.h; path = Models/PPPet.h; sourceTree = "<group>"; };
		6C4DE8331E5907AF0046B0F2 /* PPPet.m */ = {isa = PBXFileReference; fileEncoding = 4; lastKnownFileType = sourcecode.c.objc; name = PPPet.m; path = Models/PPPet.m; sourceTree = "<group>"; };
		6C4DE8381E5907DA0046B0F2 /* PPUser.h */ = {isa = PBXFileReference; fileEncoding = 4; lastKnownFileType = sourcecode.c.h; name = PPUser.h; path = Models/PPUser.h; sourceTree = "<group>"; };
		6C4DE8391E5907DA0046B0F2 /* PPUser.m */ = {isa = PBXFileReference; fileEncoding = 4; lastKnownFileType = sourcecode.c.objc; name = PPUser.m; path = Models/PPUser.m; sourceTree = "<group>"; };
		6C4DE83B1E5907E90046B0F2 /* PPPetCardView.h */ = {isa = PBXFileReference; fileEncoding = 4; lastKnownFileType = sourcecode.c.h; name = PPPetCardView.h; path = Views/PPPetCardView.h; sourceTree = "<group>"; };
		6C4DE83C1E5907E90046B0F2 /* PPPetCardView.m */ = {isa = PBXFileReference; fileEncoding = 4; lastKnownFileType = sourcecode.c.objc; name = PPPetCardView.m; path = Views/PPPetCardView.m; sourceTree = "<group>"; };
		6C4DE8411E5908390046B0F2 /* Play-With-Pets-Prefix.pch */ = {isa = PBXFileReference; lastKnownFileType = sourcecode.c.h; path = "Play-With-Pets-Prefix.pch"; sourceTree = "<group>"; };
		6C4DE8421E5908F90046B0F2 /* PPPlayDatesViewController.h */ = {isa = PBXFileReference; fileEncoding = 4; lastKnownFileType = sourcecode.c.h; name = PPPlayDatesViewController.h; path = Controllers/PPPlayDatesViewController.h; sourceTree = "<group>"; };
		6C4DE8431E5908F90046B0F2 /* PPPlayDatesViewController.m */ = {isa = PBXFileReference; fileEncoding = 4; lastKnownFileType = sourcecode.c.objc; name = PPPlayDatesViewController.m; path = Controllers/PPPlayDatesViewController.m; sourceTree = "<group>"; };
		6C4DE8451E5909260046B0F2 /* PPPetDetailViewController.h */ = {isa = PBXFileReference; fileEncoding = 4; lastKnownFileType = sourcecode.c.h; name = PPPetDetailViewController.h; path = Controllers/PPPetDetailViewController.h; sourceTree = "<group>"; };
		6C4DE8461E5909260046B0F2 /* PPPetDetailViewController.m */ = {isa = PBXFileReference; fileEncoding = 4; lastKnownFileType = sourcecode.c.objc; name = PPPetDetailViewController.m; path = Controllers/PPPetDetailViewController.m; sourceTree = "<group>"; };
		6C4DE8481E590A620046B0F2 /* PPShelter.h */ = {isa = PBXFileReference; fileEncoding = 4; lastKnownFileType = sourcecode.c.h; name = PPShelter.h; path = Models/PPShelter.h; sourceTree = "<group>"; };
		6C4DE8491E590A620046B0F2 /* PPShelter.m */ = {isa = PBXFileReference; fileEncoding = 4; lastKnownFileType = sourcecode.c.objc; name = PPShelter.m; path = Models/PPShelter.m; sourceTree = "<group>"; };
		6C4DE84B1E590BDB0046B0F2 /* UIColor+Play_With_Pets.h */ = {isa = PBXFileReference; fileEncoding = 4; lastKnownFileType = sourcecode.c.h; name = "UIColor+Play_With_Pets.h"; path = "Categories/UIColor+Play_With_Pets.h"; sourceTree = "<group>"; };
		6C4DE84C1E590BDB0046B0F2 /* UIColor+Play_With_Pets.m */ = {isa = PBXFileReference; fileEncoding = 4; lastKnownFileType = sourcecode.c.objc; name = "UIColor+Play_With_Pets.m"; path = "Categories/UIColor+Play_With_Pets.m"; sourceTree = "<group>"; };
		6C4DE84F1E590C140046B0F2 /* NSObject+Play_With_Pets.h */ = {isa = PBXFileReference; fileEncoding = 4; lastKnownFileType = sourcecode.c.h; name = "NSObject+Play_With_Pets.h"; path = "Categories/NSObject+Play_With_Pets.h"; sourceTree = "<group>"; };
		6C4DE8501E590C140046B0F2 /* NSObject+Play_With_Pets.m */ = {isa = PBXFileReference; fileEncoding = 4; lastKnownFileType = sourcecode.c.objc; name = "NSObject+Play_With_Pets.m"; path = "Categories/NSObject+Play_With_Pets.m"; sourceTree = "<group>"; };
		6C4DE8551E590C510046B0F2 /* UIFont+Play_With_Pets.h */ = {isa = PBXFileReference; fileEncoding = 4; lastKnownFileType = sourcecode.c.h; name = "UIFont+Play_With_Pets.h"; path = "Categories/UIFont+Play_With_Pets.h"; sourceTree = "<group>"; };
		6C4DE8561E590C510046B0F2 /* UIFont+Play_With_Pets.m */ = {isa = PBXFileReference; fileEncoding = 4; lastKnownFileType = sourcecode.c.objc; name = "UIFont+Play_With_Pets.m"; path = "Categories/UIFont+Play_With_Pets.m"; sourceTree = "<group>"; };
		6C4DE8581E590C6F0046B0F2 /* NSDate+Utilities.h */ = {isa = PBXFileReference; fileEncoding = 4; lastKnownFileType = sourcecode.c.h; name = "NSDate+Utilities.h"; path = "Categories/NSDate+Utilities.h"; sourceTree = "<group>"; };
		6C4DE8591E590C6F0046B0F2 /* NSDate+Utilities.m */ = {isa = PBXFileReference; fileEncoding = 4; lastKnownFileType = sourcecode.c.objc; name = "NSDate+Utilities.m"; path = "Categories/NSDate+Utilities.m"; sourceTree = "<group>"; };
		6C4DE85B1E590DAC0046B0F2 /* FLHighlightedButton.h */ = {isa = PBXFileReference; fileEncoding = 4; lastKnownFileType = sourcecode.c.h; name = FLHighlightedButton.h; path = Views/FLHighlightedButton.h; sourceTree = "<group>"; };
		6C4DE85C1E590DAC0046B0F2 /* FLHighlightedButton.m */ = {isa = PBXFileReference; fileEncoding = 4; lastKnownFileType = sourcecode.c.objc; name = FLHighlightedButton.m; path = Views/FLHighlightedButton.m; sourceTree = "<group>"; };
		6CB6FBEA1E5912E9003D65EF /* MDCGeometry.h */ = {isa = PBXFileReference; fileEncoding = 4; lastKnownFileType = sourcecode.c.h; name = MDCGeometry.h; path = Categories/MDCGeometry.h; sourceTree = "<group>"; };
		6CB6FBEB1E5912E9003D65EF /* MDCGeometry.m */ = {isa = PBXFileReference; fileEncoding = 4; lastKnownFileType = sourcecode.c.objc; name = MDCGeometry.m; path = Categories/MDCGeometry.m; sourceTree = "<group>"; };
		6CB6FBEC1E5912E9003D65EF /* UIView+MDCBorderedLabel.h */ = {isa = PBXFileReference; fileEncoding = 4; lastKnownFileType = sourcecode.c.h; name = "UIView+MDCBorderedLabel.h"; path = "Categories/UIView+MDCBorderedLabel.h"; sourceTree = "<group>"; };
		6CB6FBED1E5912E9003D65EF /* UIView+MDCBorderedLabel.m */ = {isa = PBXFileReference; fileEncoding = 4; lastKnownFileType = sourcecode.c.objc; name = "UIView+MDCBorderedLabel.m"; path = "Categories/UIView+MDCBorderedLabel.m"; sourceTree = "<group>"; };
		6CB6FBF01E59337A003D65EF /* GoogleService-Info.plist */ = {isa = PBXFileReference; fileEncoding = 4; lastKnownFileType = text.plist.xml; path = "GoogleService-Info.plist"; sourceTree = "<group>"; };
		6CB6FBF21E595103003D65EF /* PPLoginViewController.h */ = {isa = PBXFileReference; fileEncoding = 4; lastKnownFileType = sourcecode.c.h; name = PPLoginViewController.h; path = Controllers/PPLoginViewController.h; sourceTree = "<group>"; };
		6CB6FBF31E595103003D65EF /* PPLoginViewController.m */ = {isa = PBXFileReference; fileEncoding = 4; lastKnownFileType = sourcecode.c.objc; name = PPLoginViewController.m; path = Controllers/PPLoginViewController.m; sourceTree = "<group>"; };
		6CB6FBF51E595354003D65EF /* PPAPIManager.h */ = {isa = PBXFileReference; fileEncoding = 4; lastKnownFileType = sourcecode.c.h; path = PPAPIManager.h; sourceTree = "<group>"; };
		6CB6FBF61E595354003D65EF /* PPAPIManager.m */ = {isa = PBXFileReference; fileEncoding = 4; lastKnownFileType = sourcecode.c.objc; path = PPAPIManager.m; sourceTree = "<group>"; };
		75CB7AE50AA2BDBFCC991970 /* libPods-Play With Pets.a */ = {isa = PBXFileReference; explicitFileType = archive.ar; includeInIndex = 0; path = "libPods-Play With Pets.a"; sourceTree = BUILT_PRODUCTS_DIR; };
/* End PBXFileReference section */

/* Begin PBXFrameworksBuildPhase section */
		6C4DE8121E5904920046B0F2 /* Frameworks */ = {
			isa = PBXFrameworksBuildPhase;
			buildActionMask = 2147483647;
			files = (
				02BA2A609E640082BE25D330 /* libPods-Play With Pets.a in Frameworks */,
			);
			runOnlyForDeploymentPostprocessing = 0;
		};
/* End PBXFrameworksBuildPhase section */

/* Begin PBXGroup section */
		6066671A2592105CF3EFD10F /* Frameworks */ = {
			isa = PBXGroup;
			children = (
				75CB7AE50AA2BDBFCC991970 /* libPods-Play With Pets.a */,
			);
			name = Frameworks;
			sourceTree = "<group>";
		};
		6C4DE80C1E5904920046B0F2 = {
			isa = PBXGroup;
			children = (
				6C4DE8171E5904920046B0F2 /* Play With Pets */,
				6C4DE8161E5904920046B0F2 /* Products */,
				DA75CA51583463A6B221951E /* Pods */,
				6066671A2592105CF3EFD10F /* Frameworks */,
			);
			sourceTree = "<group>";
		};
		6C4DE8161E5904920046B0F2 /* Products */ = {
			isa = PBXGroup;
			children = (
				6C4DE8151E5904920046B0F2 /* Play With Pets.app */,
			);
			name = Products;
			sourceTree = "<group>";
		};
		6C4DE8171E5904920046B0F2 /* Play With Pets */ = {
			isa = PBXGroup;
			children = (
				6C4DE81B1E5904920046B0F2 /* AppDelegate.h */,
				6C4DE81C1E5904920046B0F2 /* AppDelegate.m */,
				6CB6FBF51E595354003D65EF /* PPAPIManager.h */,
				6CB6FBF61E595354003D65EF /* PPAPIManager.m */,
				6C4DE8211E5904920046B0F2 /* Main.storyboard */,
				6C4DE8401E5907F90046B0F2 /* Controllers */,
				6C4DE83E1E5907EC0046B0F2 /* Views */,
				6C4DE83F1E5907F00046B0F2 /* Models */,
				6C4DE84E1E590BE20046B0F2 /* Cateogires */,
				6C4DE8241E5904920046B0F2 /* Assets.xcassets */,
				6C4DE8261E5904920046B0F2 /* LaunchScreen.storyboard */,
				6C4DE8291E5904920046B0F2 /* Info.plist */,
				6C4DE8181E5904920046B0F2 /* Supporting Files */,
			);
			path = "Play With Pets";
			sourceTree = "<group>";
		};
		6C4DE8181E5904920046B0F2 /* Supporting Files */ = {
			isa = PBXGroup;
			children = (
				6CB6FBF01E59337A003D65EF /* GoogleService-Info.plist */,
				6C4DE8191E5904920046B0F2 /* main.m */,
				6C4DE8411E5908390046B0F2 /* Play-With-Pets-Prefix.pch */,
			);
			name = "Supporting Files";
			sourceTree = "<group>";
		};
		6C4DE83E1E5907EC0046B0F2 /* Views */ = {
			isa = PBXGroup;
			children = (
				6C4DE83B1E5907E90046B0F2 /* PPPetCardView.h */,
				6C4DE83C1E5907E90046B0F2 /* PPPetCardView.m */,
				6C4DE85B1E590DAC0046B0F2 /* FLHighlightedButton.h */,
				6C4DE85C1E590DAC0046B0F2 /* FLHighlightedButton.m */,
			);
			name = Views;
			sourceTree = "<group>";
		};
		6C4DE83F1E5907F00046B0F2 /* Models */ = {
			isa = PBXGroup;
			children = (
				6C4DE8321E5907AF0046B0F2 /* PPPet.h */,
				6C4DE8331E5907AF0046B0F2 /* PPPet.m */,
				6C4DE8481E590A620046B0F2 /* PPShelter.h */,
				6C4DE8491E590A620046B0F2 /* PPShelter.m */,
				6C4DE8381E5907DA0046B0F2 /* PPUser.h */,
				6C4DE8391E5907DA0046B0F2 /* PPUser.m */,
			);
			name = Models;
			sourceTree = "<group>";
		};
		6C4DE8401E5907F90046B0F2 /* Controllers */ = {
			isa = PBXGroup;
			children = (
				6CB6FBF21E595103003D65EF /* PPLoginViewController.h */,
				6CB6FBF31E595103003D65EF /* PPLoginViewController.m */,
				6C4DE82F1E59073C0046B0F2 /* PPPetsViewController.h */,
				6C4DE8301E59073C0046B0F2 /* PPPetsViewController.m */,
				6C4DE8421E5908F90046B0F2 /* PPPlayDatesViewController.h */,
				6C4DE8431E5908F90046B0F2 /* PPPlayDatesViewController.m */,
				6C4DE8451E5909260046B0F2 /* PPPetDetailViewController.h */,
				6C4DE8461E5909260046B0F2 /* PPPetDetailViewController.m */,
			);
			name = Controllers;
			sourceTree = "<group>";
		};
		6C4DE84E1E590BE20046B0F2 /* Cateogires */ = {
			isa = PBXGroup;
			children = (
				6CB6FBEA1E5912E9003D65EF /* MDCGeometry.h */,
				6CB6FBEB1E5912E9003D65EF /* MDCGeometry.m */,
				6CB6FBEC1E5912E9003D65EF /* UIView+MDCBorderedLabel.h */,
				6CB6FBED1E5912E9003D65EF /* UIView+MDCBorderedLabel.m */,
				6C4DE8581E590C6F0046B0F2 /* NSDate+Utilities.h */,
				6C4DE8591E590C6F0046B0F2 /* NSDate+Utilities.m */,
				6C4DE84B1E590BDB0046B0F2 /* UIColor+Play_With_Pets.h */,
				6C4DE84C1E590BDB0046B0F2 /* UIColor+Play_With_Pets.m */,
				6C4DE84F1E590C140046B0F2 /* NSObject+Play_With_Pets.h */,
				6C4DE8501E590C140046B0F2 /* NSObject+Play_With_Pets.m */,
				6C4DE8551E590C510046B0F2 /* UIFont+Play_With_Pets.h */,
				6C4DE8561E590C510046B0F2 /* UIFont+Play_With_Pets.m */,
			);
			name = Cateogires;
			sourceTree = "<group>";
		};
		DA75CA51583463A6B221951E /* Pods */ = {
			isa = PBXGroup;
			children = (
				0834BFBF9CC2FED5DA2E7FD4 /* Pods-Play With Pets.debug.xcconfig */,
				2330EF382EDE5D2DAF4D2EFE /* Pods-Play With Pets.release.xcconfig */,
			);
			name = Pods;
			sourceTree = "<group>";
		};
/* End PBXGroup section */

/* Begin PBXNativeTarget section */
		6C4DE8141E5904920046B0F2 /* Play With Pets */ = {
			isa = PBXNativeTarget;
			buildConfigurationList = 6C4DE82C1E5904920046B0F2 /* Build configuration list for PBXNativeTarget "Play With Pets" */;
			buildPhases = (
				84DEDEB9893A1BF047429011 /* [CP] Check Pods Manifest.lock */,
				6C4DE8111E5904920046B0F2 /* Sources */,
				6C4DE8121E5904920046B0F2 /* Frameworks */,
				6C4DE8131E5904920046B0F2 /* Resources */,
				298765672DF7935AB3D1BF9A /* [CP] Embed Pods Frameworks */,
				203165CAEEDC7E5377F0DBDE /* [CP] Copy Pods Resources */,
			);
			buildRules = (
			);
			dependencies = (
			);
			name = "Play With Pets";
			productName = "Play With Pets";
			productReference = 6C4DE8151E5904920046B0F2 /* Play With Pets.app */;
			productType = "com.apple.product-type.application";
		};
/* End PBXNativeTarget section */

/* Begin PBXProject section */
		6C4DE80D1E5904920046B0F2 /* Project object */ = {
			isa = PBXProject;
			attributes = {
				LastUpgradeCheck = 0820;
				ORGANIZATIONNAME = "Spencer Yen";
				TargetAttributes = {
					6C4DE8141E5904920046B0F2 = {
						CreatedOnToolsVersion = 8.2.1;
						DevelopmentTeam = 656EK9W3KJ;
						ProvisioningStyle = Automatic;
					};
				};
			};
			buildConfigurationList = 6C4DE8101E5904920046B0F2 /* Build configuration list for PBXProject "Play With Pets" */;
			compatibilityVersion = "Xcode 3.2";
			developmentRegion = English;
			hasScannedForEncodings = 0;
			knownRegions = (
				en,
				Base,
			);
			mainGroup = 6C4DE80C1E5904920046B0F2;
			productRefGroup = 6C4DE8161E5904920046B0F2 /* Products */;
			projectDirPath = "";
			projectRoot = "";
			targets = (
				6C4DE8141E5904920046B0F2 /* Play With Pets */,
			);
		};
/* End PBXProject section */

/* Begin PBXResourcesBuildPhase section */
		6C4DE8131E5904920046B0F2 /* Resources */ = {
			isa = PBXResourcesBuildPhase;
			buildActionMask = 2147483647;
			files = (
				6C4DE8281E5904920046B0F2 /* LaunchScreen.storyboard in Resources */,
				6CB6FBF11E59337A003D65EF /* GoogleService-Info.plist in Resources */,
				6C4DE8251E5904920046B0F2 /* Assets.xcassets in Resources */,
				6C4DE8231E5904920046B0F2 /* Main.storyboard in Resources */,
			);
			runOnlyForDeploymentPostprocessing = 0;
		};
/* End PBXResourcesBuildPhase section */

/* Begin PBXShellScriptBuildPhase section */
		203165CAEEDC7E5377F0DBDE /* [CP] Copy Pods Resources */ = {
			isa = PBXShellScriptBuildPhase;
			buildActionMask = 2147483647;
			files = (
			);
			inputPaths = (
			);
			name = "[CP] Copy Pods Resources";
			outputPaths = (
			);
			runOnlyForDeploymentPostprocessing = 0;
			shellPath = /bin/sh;
			shellScript = "\"${SRCROOT}/Pods/Target Support Files/Pods-Play With Pets/Pods-Play With Pets-resources.sh\"\n";
			showEnvVarsInLog = 0;
		};
		298765672DF7935AB3D1BF9A /* [CP] Embed Pods Frameworks */ = {
			isa = PBXShellScriptBuildPhase;
			buildActionMask = 2147483647;
			files = (
			);
			inputPaths = (
			);
			name = "[CP] Embed Pods Frameworks";
			outputPaths = (
			);
			runOnlyForDeploymentPostprocessing = 0;
			shellPath = /bin/sh;
			shellScript = "\"${SRCROOT}/Pods/Target Support Files/Pods-Play With Pets/Pods-Play With Pets-frameworks.sh\"\n";
			showEnvVarsInLog = 0;
		};
		84DEDEB9893A1BF047429011 /* [CP] Check Pods Manifest.lock */ = {
			isa = PBXShellScriptBuildPhase;
			buildActionMask = 2147483647;
			files = (
			);
			inputPaths = (
			);
			name = "[CP] Check Pods Manifest.lock";
			outputPaths = (
			);
			runOnlyForDeploymentPostprocessing = 0;
			shellPath = /bin/sh;
			shellScript = "diff \"${PODS_ROOT}/../Podfile.lock\" \"${PODS_ROOT}/Manifest.lock\" > /dev/null\nif [ $? != 0 ] ; then\n    # print error to STDERR\n    echo \"error: The sandbox is not in sync with the Podfile.lock. Run 'pod install' or update your CocoaPods installation.\" >&2\n    exit 1\nfi\n";
			showEnvVarsInLog = 0;
		};
/* End PBXShellScriptBuildPhase section */

/* Begin PBXSourcesBuildPhase section */
		6C4DE8111E5904920046B0F2 /* Sources */ = {
			isa = PBXSourcesBuildPhase;
			buildActionMask = 2147483647;
			files = (
				6C4DE8441E5908F90046B0F2 /* PPPlayDatesViewController.m in Sources */,
				6C4DE8471E5909260046B0F2 /* PPPetDetailViewController.m in Sources */,
				6CB6FBF41E595103003D65EF /* PPLoginViewController.m in Sources */,
				6C4DE83D1E5907E90046B0F2 /* PPPetCardView.m in Sources */,
				6CB6FBEF1E5912E9003D65EF /* UIView+MDCBorderedLabel.m in Sources */,
				6C4DE81D1E5904920046B0F2 /* AppDelegate.m in Sources */,
				6CB6FBF71E595354003D65EF /* PPAPIManager.m in Sources */,
				6C4DE84A1E590A620046B0F2 /* PPShelter.m in Sources */,
				6C4DE8311E59073C0046B0F2 /* PPPetsViewController.m in Sources */,
				6C4DE8571E590C510046B0F2 /* UIFont+Play_With_Pets.m in Sources */,
				6C4DE85A1E590C6F0046B0F2 /* NSDate+Utilities.m in Sources */,
				6C4DE8511E590C140046B0F2 /* NSObject+Play_With_Pets.m in Sources */,
				6C4DE81A1E5904920046B0F2 /* main.m in Sources */,
				6C4DE84D1E590BDB0046B0F2 /* UIColor+Play_With_Pets.m in Sources */,
				6C4DE85D1E590DAC0046B0F2 /* FLHighlightedButton.m in Sources */,
				6C4DE8341E5907AF0046B0F2 /* PPPet.m in Sources */,
				6C4DE83A1E5907DA0046B0F2 /* PPUser.m in Sources */,
				6CB6FBEE1E5912E9003D65EF /* MDCGeometry.m in Sources */,
			);
			runOnlyForDeploymentPostprocessing = 0;
		};
/* End PBXSourcesBuildPhase section */

/* Begin PBXVariantGroup section */
		6C4DE8211E5904920046B0F2 /* Main.storyboard */ = {
			isa = PBXVariantGroup;
			children = (
				6C4DE8221E5904920046B0F2 /* Base */,
			);
			name = Main.storyboard;
			sourceTree = "<group>";
		};
		6C4DE8261E5904920046B0F2 /* LaunchScreen.storyboard */ = {
			isa = PBXVariantGroup;
			children = (
				6C4DE8271E5904920046B0F2 /* Base */,
			);
			name = LaunchScreen.storyboard;
			sourceTree = "<group>";
		};
/* End PBXVariantGroup section */

/* Begin XCBuildConfiguration section */
		6C4DE82A1E5904920046B0F2 /* Debug */ = {
			isa = XCBuildConfiguration;
			buildSettings = {
				ALWAYS_SEARCH_USER_PATHS = NO;
				CLANG_ANALYZER_NONNULL = YES;
				CLANG_CXX_LANGUAGE_STANDARD = "gnu++0x";
				CLANG_CXX_LIBRARY = "libc++";
				CLANG_ENABLE_MODULES = YES;
				CLANG_ENABLE_OBJC_ARC = YES;
				CLANG_WARN_BOOL_CONVERSION = YES;
				CLANG_WARN_CONSTANT_CONVERSION = YES;
				CLANG_WARN_DIRECT_OBJC_ISA_USAGE = YES_ERROR;
				CLANG_WARN_DOCUMENTATION_COMMENTS = YES;
				CLANG_WARN_EMPTY_BODY = YES;
				CLANG_WARN_ENUM_CONVERSION = YES;
				CLANG_WARN_INFINITE_RECURSION = YES;
				CLANG_WARN_INT_CONVERSION = YES;
				CLANG_WARN_OBJC_ROOT_CLASS = YES_ERROR;
				CLANG_WARN_SUSPICIOUS_MOVE = YES;
				CLANG_WARN_UNREACHABLE_CODE = YES;
				CLANG_WARN__DUPLICATE_METHOD_MATCH = YES;
				"CODE_SIGN_IDENTITY[sdk=iphoneos*]" = "iPhone Developer";
				COPY_PHASE_STRIP = NO;
				DEBUG_INFORMATION_FORMAT = dwarf;
				ENABLE_STRICT_OBJC_MSGSEND = YES;
				ENABLE_TESTABILITY = YES;
				GCC_C_LANGUAGE_STANDARD = gnu99;
				GCC_DYNAMIC_NO_PIC = NO;
				GCC_NO_COMMON_BLOCKS = YES;
				GCC_OPTIMIZATION_LEVEL = 0;
				GCC_PREPROCESSOR_DEFINITIONS = (
					"DEBUG=1",
					"$(inherited)",
				);
				GCC_WARN_64_TO_32_BIT_CONVERSION = YES;
				GCC_WARN_ABOUT_RETURN_TYPE = YES_ERROR;
				GCC_WARN_UNDECLARED_SELECTOR = YES;
				GCC_WARN_UNINITIALIZED_AUTOS = YES_AGGRESSIVE;
				GCC_WARN_UNUSED_FUNCTION = YES;
				GCC_WARN_UNUSED_VARIABLE = YES;
				IPHONEOS_DEPLOYMENT_TARGET = 10.2;
				MTL_ENABLE_DEBUG_INFO = YES;
				ONLY_ACTIVE_ARCH = YES;
				SDKROOT = iphoneos;
			};
			name = Debug;
		};
		6C4DE82B1E5904920046B0F2 /* Release */ = {
			isa = XCBuildConfiguration;
			buildSettings = {
				ALWAYS_SEARCH_USER_PATHS = NO;
				CLANG_ANALYZER_NONNULL = YES;
				CLANG_CXX_LANGUAGE_STANDARD = "gnu++0x";
				CLANG_CXX_LIBRARY = "libc++";
				CLANG_ENABLE_MODULES = YES;
				CLANG_ENABLE_OBJC_ARC = YES;
				CLANG_WARN_BOOL_CONVERSION = YES;
				CLANG_WARN_CONSTANT_CONVERSION = YES;
				CLANG_WARN_DIRECT_OBJC_ISA_USAGE = YES_ERROR;
				CLANG_WARN_DOCUMENTATION_COMMENTS = YES;
				CLANG_WARN_EMPTY_BODY = YES;
				CLANG_WARN_ENUM_CONVERSION = YES;
				CLANG_WARN_INFINITE_RECURSION = YES;
				CLANG_WARN_INT_CONVERSION = YES;
				CLANG_WARN_OBJC_ROOT_CLASS = YES_ERROR;
				CLANG_WARN_SUSPICIOUS_MOVE = YES;
				CLANG_WARN_UNREACHABLE_CODE = YES;
				CLANG_WARN__DUPLICATE_METHOD_MATCH = YES;
				"CODE_SIGN_IDENTITY[sdk=iphoneos*]" = "iPhone Developer";
				COPY_PHASE_STRIP = NO;
				DEBUG_INFORMATION_FORMAT = "dwarf-with-dsym";
				ENABLE_NS_ASSERTIONS = NO;
				ENABLE_STRICT_OBJC_MSGSEND = YES;
				GCC_C_LANGUAGE_STANDARD = gnu99;
				GCC_NO_COMMON_BLOCKS = YES;
				GCC_WARN_64_TO_32_BIT_CONVERSION = YES;
				GCC_WARN_ABOUT_RETURN_TYPE = YES_ERROR;
				GCC_WARN_UNDECLARED_SELECTOR = YES;
				GCC_WARN_UNINITIALIZED_AUTOS = YES_AGGRESSIVE;
				GCC_WARN_UNUSED_FUNCTION = YES;
				GCC_WARN_UNUSED_VARIABLE = YES;
				IPHONEOS_DEPLOYMENT_TARGET = 10.2;
				MTL_ENABLE_DEBUG_INFO = NO;
				SDKROOT = iphoneos;
				VALIDATE_PRODUCT = YES;
			};
			name = Release;
		};
		6C4DE82D1E5904920046B0F2 /* Debug */ = {
			isa = XCBuildConfiguration;
			baseConfigurationReference = 0834BFBF9CC2FED5DA2E7FD4 /* Pods-Play With Pets.debug.xcconfig */;
			buildSettings = {
				ASSETCATALOG_COMPILER_APPICON_NAME = AppIcon;
				DEVELOPMENT_TEAM = 656EK9W3KJ;
				GCC_PREFIX_HEADER = "$(SRCROOT)/Play With Pets/Play-With-Pets-Prefix.pch";
				INFOPLIST_FILE = "Play With Pets/Info.plist";
				LD_RUNPATH_SEARCH_PATHS = "$(inherited) @executable_path/Frameworks";
				PRODUCT_BUNDLE_IDENTIFIER = "com.spenceryen.Play-With-Pets";
				PRODUCT_NAME = "$(TARGET_NAME)";
			};
			name = Debug;
		};
		6C4DE82E1E5904920046B0F2 /* Release */ = {
			isa = XCBuildConfiguration;
			baseConfigurationReference = 2330EF382EDE5D2DAF4D2EFE /* Pods-Play With Pets.release.xcconfig */;
			buildSettings = {
				ASSETCATALOG_COMPILER_APPICON_NAME = AppIcon;
				DEVELOPMENT_TEAM = 656EK9W3KJ;
				GCC_PREFIX_HEADER = "$(SRCROOT)/Play With Pets/Play-With-Pets-Prefix.pch";
				INFOPLIST_FILE = "Play With Pets/Info.plist";
				LD_RUNPATH_SEARCH_PATHS = "$(inherited) @executable_path/Frameworks";
				PRODUCT_BUNDLE_IDENTIFIER = "com.spenceryen.Play-With-Pets";
				PRODUCT_NAME = "$(TARGET_NAME)";
			};
			name = Release;
		};
/* End XCBuildConfiguration section */

/* Begin XCConfigurationList section */
		6C4DE8101E5904920046B0F2 /* Build configuration list for PBXProject "Play With Pets" */ = {
			isa = XCConfigurationList;
			buildConfigurations = (
				6C4DE82A1E5904920046B0F2 /* Debug */,
				6C4DE82B1E5904920046B0F2 /* Release */,
			);
			defaultConfigurationIsVisible = 0;
			defaultConfigurationName = Release;
		};
		6C4DE82C1E5904920046B0F2 /* Build configuration list for PBXNativeTarget "Play With Pets" */ = {
			isa = XCConfigurationList;
			buildConfigurations = (
				6C4DE82D1E5904920046B0F2 /* Debug */,
				6C4DE82E1E5904920046B0F2 /* Release */,
			);
			defaultConfigurationIsVisible = 0;
			defaultConfigurationName = Release;
		};
/* End XCConfigurationList section */
	};
	rootObject = 6C4DE80D1E5904920046B0F2 /* Project object */;
}
>>>>>>> origin/master
