// !$*UTF8*$!
{
	archiveVersion = 1;
	classes = {
	};
	objectVersion = 46;
	objects = {

/* Begin PBXBuildFile section */
		4E2C77081E59922D0079D56E /* PPFormViewController.m in Sources */ = {isa = PBXBuildFile; fileRef = 4E2C77071E59922D0079D56E /* PPFormViewController.m */; };
		6C4DE81A1E5904920046B0F2 /* main.m in Sources */ = {isa = PBXBuildFile; fileRef = 6C4DE8191E5904920046B0F2 /* main.m */; };
		6C4DE81D1E5904920046B0F2 /* AppDelegate.m in Sources */ = {isa = PBXBuildFile; fileRef = 6C4DE81C1E5904920046B0F2 /* AppDelegate.m */; };
		6C4DE8231E5904920046B0F2 /* Main.storyboard in Resources */ = {isa = PBXBuildFile; fileRef = 6C4DE8211E5904920046B0F2 /* Main.storyboard */; };
		6C4DE8251E5904920046B0F2 /* Assets.xcassets in Resources */ = {isa = PBXBuildFile; fileRef = 6C4DE8241E5904920046B0F2 /* Assets.xcassets */; };
		6C4DE8281E5904920046B0F2 /* LaunchScreen.storyboard in Resources */ = {isa = PBXBuildFile; fileRef = 6C4DE8261E5904920046B0F2 /* LaunchScreen.storyboard */; };
		6C4DE8311E59073C0046B0F2 /* PPPetsViewController.m in Sources */ = {isa = PBXBuildFile; fileRef = 6C4DE8301E59073C0046B0F2 /* PPPetsViewController.m */; };
		6C4DE8341E5907AF0046B0F2 /* PPPet.m in Sources */ = {isa = PBXBuildFile; fileRef = 6C4DE8331E5907AF0046B0F2 /* PPPet.m */; };
		6C4DE83A1E5907DA0046B0F2 /* PPUser.m in Sources */ = {isa = PBXBuildFile; fileRef = 6C4DE8391E5907DA0046B0F2 /* PPUser.m */; };
		6C4DE83D1E5907E90046B0F2 /* PPPetCardView.m in Sources */ = {isa = PBXBuildFile; fileRef = 6C4DE83C1E5907E90046B0F2 /* PPPetCardView.m */; };
		6C4DE8441E5908F90046B0F2 /* PPMatchViewController.m in Sources */ = {isa = PBXBuildFile; fileRef = 6C4DE8431E5908F90046B0F2 /* PPMatchViewController.m */; };
		6C4DE8471E5909260046B0F2 /* PPPetDetailViewController.m in Sources */ = {isa = PBXBuildFile; fileRef = 6C4DE8461E5909260046B0F2 /* PPPetDetailViewController.m */; };
		6C4DE84A1E590A620046B0F2 /* PPShelter.m in Sources */ = {isa = PBXBuildFile; fileRef = 6C4DE8491E590A620046B0F2 /* PPShelter.m */; };
		6C4DE84D1E590BDB0046B0F2 /* UIColor+Play_With_Pets.m in Sources */ = {isa = PBXBuildFile; fileRef = 6C4DE84C1E590BDB0046B0F2 /* UIColor+Play_With_Pets.m */; };
		6C4DE8511E590C140046B0F2 /* NSObject+Play_With_Pets.m in Sources */ = {isa = PBXBuildFile; fileRef = 6C4DE8501E590C140046B0F2 /* NSObject+Play_With_Pets.m */; };
		6C4DE8571E590C510046B0F2 /* UIFont+Play_With_Pets.m in Sources */ = {isa = PBXBuildFile; fileRef = 6C4DE8561E590C510046B0F2 /* UIFont+Play_With_Pets.m */; };
		6C4DE85A1E590C6F0046B0F2 /* NSDate+Utilities.m in Sources */ = {isa = PBXBuildFile; fileRef = 6C4DE8591E590C6F0046B0F2 /* NSDate+Utilities.m */; };
		6C4DE85D1E590DAC0046B0F2 /* FLHighlightedButton.m in Sources */ = {isa = PBXBuildFile; fileRef = 6C4DE85C1E590DAC0046B0F2 /* FLHighlightedButton.m */; };
		6C4E1B9F1E598742003D8D27 /* PPLoginViewController.m in Sources */ = {isa = PBXBuildFile; fileRef = 6C4E1B9E1E598742003D8D27 /* PPLoginViewController.m */; };
		6C4E1BA21E59874C003D8D27 /* PPProfileViewController.m in Sources */ = {isa = PBXBuildFile; fileRef = 6C4E1BA11E59874C003D8D27 /* PPProfileViewController.m */; };
		6C4E1BA51E598757003D8D27 /* PPAPIManager.m in Sources */ = {isa = PBXBuildFile; fileRef = 6C4E1BA41E598757003D8D27 /* PPAPIManager.m */; };
		6C4E1BA81E598765003D8D27 /* UIImage+Play_With_Pets.m in Sources */ = {isa = PBXBuildFile; fileRef = 6C4E1BA71E598765003D8D27 /* UIImage+Play_With_Pets.m */; };
		6C4E1BB31E59AE0E003D8D27 /* PPPlayDatesViewController.m in Sources */ = {isa = PBXBuildFile; fileRef = 6C4E1BB21E59AE0E003D8D27 /* PPPlayDatesViewController.m */; };
		6C4E1BB61E59AE27003D8D27 /* PPPlayDate.m in Sources */ = {isa = PBXBuildFile; fileRef = 6C4E1BB51E59AE27003D8D27 /* PPPlayDate.m */; };
		6CB6FBEE1E5912E9003D65EF /* MDCGeometry.m in Sources */ = {isa = PBXBuildFile; fileRef = 6CB6FBEB1E5912E9003D65EF /* MDCGeometry.m */; };
		6CB6FBEF1E5912E9003D65EF /* UIView+MDCBorderedLabel.m in Sources */ = {isa = PBXBuildFile; fileRef = 6CB6FBED1E5912E9003D65EF /* UIView+MDCBorderedLabel.m */; };
		6CB6FBF11E59337A003D65EF /* GoogleService-Info.plist in Resources */ = {isa = PBXBuildFile; fileRef = 6CB6FBF01E59337A003D65EF /* GoogleService-Info.plist */; };
		A7F5E9CAA9D715C3CE460380 /* libPods-Play With Pets.a in Frameworks */ = {isa = PBXBuildFile; fileRef = CACF625CDDE7D8A40517D13B /* libPods-Play With Pets.a */; };
/* End PBXBuildFile section */

/* Begin PBXFileReference section */
		0834BFBF9CC2FED5DA2E7FD4 /* Pods-Play With Pets.debug.xcconfig */ = {isa = PBXFileReference; includeInIndex = 1; lastKnownFileType = text.xcconfig; name = "Pods-Play With Pets.debug.xcconfig"; path = "Pods/Target Support Files/Pods-Play With Pets/Pods-Play With Pets.debug.xcconfig"; sourceTree = "<group>"; };
		2330EF382EDE5D2DAF4D2EFE /* Pods-Play With Pets.release.xcconfig */ = {isa = PBXFileReference; includeInIndex = 1; lastKnownFileType = text.xcconfig; name = "Pods-Play With Pets.release.xcconfig"; path = "Pods/Target Support Files/Pods-Play With Pets/Pods-Play With Pets.release.xcconfig"; sourceTree = "<group>"; };
		4E2C77061E59922D0079D56E /* PPFormViewController.h */ = {isa = PBXFileReference; fileEncoding = 4; lastKnownFileType = sourcecode.c.h; path = PPFormViewController.h; sourceTree = "<group>"; };
		4E2C77071E59922D0079D56E /* PPFormViewController.m */ = {isa = PBXFileReference; fileEncoding = 4; lastKnownFileType = sourcecode.c.objc; path = PPFormViewController.m; sourceTree = "<group>"; };
		6C4DE8151E5904920046B0F2 /* PetPlay.app */ = {isa = PBXFileReference; explicitFileType = wrapper.application; includeInIndex = 0; path = PetPlay.app; sourceTree = BUILT_PRODUCTS_DIR; };
		6C4DE8191E5904920046B0F2 /* main.m */ = {isa = PBXFileReference; lastKnownFileType = sourcecode.c.objc; path = main.m; sourceTree = "<group>"; };
		6C4DE81B1E5904920046B0F2 /* AppDelegate.h */ = {isa = PBXFileReference; lastKnownFileType = sourcecode.c.h; path = AppDelegate.h; sourceTree = "<group>"; };
		6C4DE81C1E5904920046B0F2 /* AppDelegate.m */ = {isa = PBXFileReference; lastKnownFileType = sourcecode.c.objc; path = AppDelegate.m; sourceTree = "<group>"; };
		6C4DE8221E5904920046B0F2 /* Base */ = {isa = PBXFileReference; lastKnownFileType = file.storyboard; name = Base; path = Base.lproj/Main.storyboard; sourceTree = "<group>"; };
		6C4DE8241E5904920046B0F2 /* Assets.xcassets */ = {isa = PBXFileReference; lastKnownFileType = folder.assetcatalog; path = Assets.xcassets; sourceTree = "<group>"; };
		6C4DE8271E5904920046B0F2 /* Base */ = {isa = PBXFileReference; lastKnownFileType = file.storyboard; name = Base; path = Base.lproj/LaunchScreen.storyboard; sourceTree = "<group>"; };
		6C4DE8291E5904920046B0F2 /* Info.plist */ = {isa = PBXFileReference; lastKnownFileType = text.plist.xml; path = Info.plist; sourceTree = "<group>"; };
		6C4DE82F1E59073C0046B0F2 /* PPPetsViewController.h */ = {isa = PBXFileReference; fileEncoding = 4; lastKnownFileType = sourcecode.c.h; name = PPPetsViewController.h; path = Controllers/PPPetsViewController.h; sourceTree = "<group>"; };
		6C4DE8301E59073C0046B0F2 /* PPPetsViewController.m */ = {isa = PBXFileReference; fileEncoding = 4; lastKnownFileType = sourcecode.c.objc; name = PPPetsViewController.m; path = Controllers/PPPetsViewController.m; sourceTree = "<group>"; };
		6C4DE8321E5907AF0046B0F2 /* PPPet.h */ = {isa = PBXFileReference; fileEncoding = 4; lastKnownFileType = sourcecode.c.h; name = PPPet.h; path = Models/PPPet.h; sourceTree = "<group>"; };
		6C4DE8331E5907AF0046B0F2 /* PPPet.m */ = {isa = PBXFileReference; fileEncoding = 4; lastKnownFileType = sourcecode.c.objc; name = PPPet.m; path = Models/PPPet.m; sourceTree = "<group>"; };
		6C4DE8381E5907DA0046B0F2 /* PPUser.h */ = {isa = PBXFileReference; fileEncoding = 4; lastKnownFileType = sourcecode.c.h; name = PPUser.h; path = Models/PPUser.h; sourceTree = "<group>"; };
		6C4DE8391E5907DA0046B0F2 /* PPUser.m */ = {isa = PBXFileReference; fileEncoding = 4; lastKnownFileType = sourcecode.c.objc; name = PPUser.m; path = Models/PPUser.m; sourceTree = "<group>"; };
		6C4DE83B1E5907E90046B0F2 /* PPPetCardView.h */ = {isa = PBXFileReference; fileEncoding = 4; lastKnownFileType = sourcecode.c.h; name = PPPetCardView.h; path = Views/PPPetCardView.h; sourceTree = "<group>"; };
		6C4DE83C1E5907E90046B0F2 /* PPPetCardView.m */ = {isa = PBXFileReference; fileEncoding = 4; lastKnownFileType = sourcecode.c.objc; name = PPPetCardView.m; path = Views/PPPetCardView.m; sourceTree = "<group>"; };
		6C4DE8411E5908390046B0F2 /* Play-With-Pets-Prefix.pch */ = {isa = PBXFileReference; lastKnownFileType = sourcecode.c.h; path = "Play-With-Pets-Prefix.pch"; sourceTree = "<group>"; };
		6C4DE8421E5908F90046B0F2 /* PPMatchViewController.h */ = {isa = PBXFileReference; fileEncoding = 4; lastKnownFileType = sourcecode.c.h; name = PPMatchViewController.h; path = Controllers/PPMatchViewController.h; sourceTree = "<group>"; };
		6C4DE8431E5908F90046B0F2 /* PPMatchViewController.m */ = {isa = PBXFileReference; fileEncoding = 4; lastKnownFileType = sourcecode.c.objc; name = PPMatchViewController.m; path = Controllers/PPMatchViewController.m; sourceTree = "<group>"; };
		6C4DE8451E5909260046B0F2 /* PPPetDetailViewController.h */ = {isa = PBXFileReference; fileEncoding = 4; lastKnownFileType = sourcecode.c.h; name = PPPetDetailViewController.h; path = Controllers/PPPetDetailViewController.h; sourceTree = "<group>"; };
		6C4DE8461E5909260046B0F2 /* PPPetDetailViewController.m */ = {isa = PBXFileReference; fileEncoding = 4; lastKnownFileType = sourcecode.c.objc; name = PPPetDetailViewController.m; path = Controllers/PPPetDetailViewController.m; sourceTree = "<group>"; };
		6C4DE8481E590A620046B0F2 /* PPShelter.h */ = {isa = PBXFileReference; fileEncoding = 4; lastKnownFileType = sourcecode.c.h; name = PPShelter.h; path = Models/PPShelter.h; sourceTree = "<group>"; };
		6C4DE8491E590A620046B0F2 /* PPShelter.m */ = {isa = PBXFileReference; fileEncoding = 4; lastKnownFileType = sourcecode.c.objc; name = PPShelter.m; path = Models/PPShelter.m; sourceTree = "<group>"; };
		6C4DE84B1E590BDB0046B0F2 /* UIColor+Play_With_Pets.h */ = {isa = PBXFileReference; fileEncoding = 4; lastKnownFileType = sourcecode.c.h; name = "UIColor+Play_With_Pets.h"; path = "Categories/UIColor+Play_With_Pets.h"; sourceTree = "<group>"; };
		6C4DE84C1E590BDB0046B0F2 /* UIColor+Play_With_Pets.m */ = {isa = PBXFileReference; fileEncoding = 4; lastKnownFileType = sourcecode.c.objc; name = "UIColor+Play_With_Pets.m"; path = "Categories/UIColor+Play_With_Pets.m"; sourceTree = "<group>"; };
		6C4DE84F1E590C140046B0F2 /* NSObject+Play_With_Pets.h */ = {isa = PBXFileReference; fileEncoding = 4; lastKnownFileType = sourcecode.c.h; name = "NSObject+Play_With_Pets.h"; path = "Categories/NSObject+Play_With_Pets.h"; sourceTree = "<group>"; };
		6C4DE8501E590C140046B0F2 /* NSObject+Play_With_Pets.m */ = {isa = PBXFileReference; fileEncoding = 4; lastKnownFileType = sourcecode.c.objc; name = "NSObject+Play_With_Pets.m"; path = "Categories/NSObject+Play_With_Pets.m"; sourceTree = "<group>"; };
		6C4DE8551E590C510046B0F2 /* UIFont+Play_With_Pets.h */ = {isa = PBXFileReference; fileEncoding = 4; lastKnownFileType = sourcecode.c.h; name = "UIFont+Play_With_Pets.h"; path = "Categories/UIFont+Play_With_Pets.h"; sourceTree = "<group>"; };
		6C4DE8561E590C510046B0F2 /* UIFont+Play_With_Pets.m */ = {isa = PBXFileReference; fileEncoding = 4; lastKnownFileType = sourcecode.c.objc; name = "UIFont+Play_With_Pets.m"; path = "Categories/UIFont+Play_With_Pets.m"; sourceTree = "<group>"; };
		6C4DE8581E590C6F0046B0F2 /* NSDate+Utilities.h */ = {isa = PBXFileReference; fileEncoding = 4; lastKnownFileType = sourcecode.c.h; name = "NSDate+Utilities.h"; path = "Categories/NSDate+Utilities.h"; sourceTree = "<group>"; };
		6C4DE8591E590C6F0046B0F2 /* NSDate+Utilities.m */ = {isa = PBXFileReference; fileEncoding = 4; lastKnownFileType = sourcecode.c.objc; name = "NSDate+Utilities.m"; path = "Categories/NSDate+Utilities.m"; sourceTree = "<group>"; };
		6C4DE85B1E590DAC0046B0F2 /* FLHighlightedButton.h */ = {isa = PBXFileReference; fileEncoding = 4; lastKnownFileType = sourcecode.c.h; name = FLHighlightedButton.h; path = Views/FLHighlightedButton.h; sourceTree = "<group>"; };
		6C4DE85C1E590DAC0046B0F2 /* FLHighlightedButton.m */ = {isa = PBXFileReference; fileEncoding = 4; lastKnownFileType = sourcecode.c.objc; name = FLHighlightedButton.m; path = Views/FLHighlightedButton.m; sourceTree = "<group>"; };
		6C4E1B9D1E598742003D8D27 /* PPLoginViewController.h */ = {isa = PBXFileReference; fileEncoding = 4; lastKnownFileType = sourcecode.c.h; name = PPLoginViewController.h; path = Controllers/PPLoginViewController.h; sourceTree = "<group>"; };
		6C4E1B9E1E598742003D8D27 /* PPLoginViewController.m */ = {isa = PBXFileReference; fileEncoding = 4; lastKnownFileType = sourcecode.c.objc; name = PPLoginViewController.m; path = Controllers/PPLoginViewController.m; sourceTree = "<group>"; };
		6C4E1BA01E59874C003D8D27 /* PPProfileViewController.h */ = {isa = PBXFileReference; fileEncoding = 4; lastKnownFileType = sourcecode.c.h; name = PPProfileViewController.h; path = Controllers/PPProfileViewController.h; sourceTree = "<group>"; };
		6C4E1BA11E59874C003D8D27 /* PPProfileViewController.m */ = {isa = PBXFileReference; fileEncoding = 4; lastKnownFileType = sourcecode.c.objc; name = PPProfileViewController.m; path = Controllers/PPProfileViewController.m; sourceTree = "<group>"; };
		6C4E1BA31E598757003D8D27 /* PPAPIManager.h */ = {isa = PBXFileReference; fileEncoding = 4; lastKnownFileType = sourcecode.c.h; path = PPAPIManager.h; sourceTree = "<group>"; };
		6C4E1BA41E598757003D8D27 /* PPAPIManager.m */ = {isa = PBXFileReference; fileEncoding = 4; lastKnownFileType = sourcecode.c.objc; path = PPAPIManager.m; sourceTree = "<group>"; };
		6C4E1BA61E598765003D8D27 /* UIImage+Play_With_Pets.h */ = {isa = PBXFileReference; fileEncoding = 4; lastKnownFileType = sourcecode.c.h; name = "UIImage+Play_With_Pets.h"; path = "Categories/UIImage+Play_With_Pets.h"; sourceTree = "<group>"; };
		6C4E1BA71E598765003D8D27 /* UIImage+Play_With_Pets.m */ = {isa = PBXFileReference; fileEncoding = 4; lastKnownFileType = sourcecode.c.objc; name = "UIImage+Play_With_Pets.m"; path = "Categories/UIImage+Play_With_Pets.m"; sourceTree = "<group>"; };
		6C4E1BB11E59AE0E003D8D27 /* PPPlayDatesViewController.h */ = {isa = PBXFileReference; fileEncoding = 4; lastKnownFileType = sourcecode.c.h; name = PPPlayDatesViewController.h; path = Controllers/PPPlayDatesViewController.h; sourceTree = "<group>"; };
		6C4E1BB21E59AE0E003D8D27 /* PPPlayDatesViewController.m */ = {isa = PBXFileReference; fileEncoding = 4; lastKnownFileType = sourcecode.c.objc; name = PPPlayDatesViewController.m; path = Controllers/PPPlayDatesViewController.m; sourceTree = "<group>"; };
		6C4E1BB41E59AE27003D8D27 /* PPPlayDate.h */ = {isa = PBXFileReference; fileEncoding = 4; lastKnownFileType = sourcecode.c.h; name = PPPlayDate.h; path = Models/PPPlayDate.h; sourceTree = "<group>"; };
		6C4E1BB51E59AE27003D8D27 /* PPPlayDate.m */ = {isa = PBXFileReference; fileEncoding = 4; lastKnownFileType = sourcecode.c.objc; name = PPPlayDate.m; path = Models/PPPlayDate.m; sourceTree = "<group>"; };
		6CB6FBEA1E5912E9003D65EF /* MDCGeometry.h */ = {isa = PBXFileReference; fileEncoding = 4; lastKnownFileType = sourcecode.c.h; name = MDCGeometry.h; path = Categories/MDCGeometry.h; sourceTree = "<group>"; };
		6CB6FBEB1E5912E9003D65EF /* MDCGeometry.m */ = {isa = PBXFileReference; fileEncoding = 4; lastKnownFileType = sourcecode.c.objc; name = MDCGeometry.m; path = Categories/MDCGeometry.m; sourceTree = "<group>"; };
		6CB6FBEC1E5912E9003D65EF /* UIView+MDCBorderedLabel.h */ = {isa = PBXFileReference; fileEncoding = 4; lastKnownFileType = sourcecode.c.h; name = "UIView+MDCBorderedLabel.h"; path = "Categories/UIView+MDCBorderedLabel.h"; sourceTree = "<group>"; };
		6CB6FBED1E5912E9003D65EF /* UIView+MDCBorderedLabel.m */ = {isa = PBXFileReference; fileEncoding = 4; lastKnownFileType = sourcecode.c.objc; name = "UIView+MDCBorderedLabel.m"; path = "Categories/UIView+MDCBorderedLabel.m"; sourceTree = "<group>"; };
		6CB6FBF01E59337A003D65EF /* GoogleService-Info.plist */ = {isa = PBXFileReference; fileEncoding = 4; lastKnownFileType = text.plist.xml; path = "GoogleService-Info.plist"; sourceTree = "<group>"; };
		CACF625CDDE7D8A40517D13B /* libPods-Play With Pets.a */ = {isa = PBXFileReference; explicitFileType = archive.ar; includeInIndex = 0; path = "libPods-Play With Pets.a"; sourceTree = BUILT_PRODUCTS_DIR; };
/* End PBXFileReference section */

/* Begin PBXFrameworksBuildPhase section */
		6C4DE8121E5904920046B0F2 /* Frameworks */ = {
			isa = PBXFrameworksBuildPhase;
			buildActionMask = 2147483647;
			files = (
				A7F5E9CAA9D715C3CE460380 /* libPods-Play With Pets.a in Frameworks */,
			);
			runOnlyForDeploymentPostprocessing = 0;
		};
/* End PBXFrameworksBuildPhase section */

/* Begin PBXGroup section */
		6066671A2592105CF3EFD10F /* Frameworks */ = {
			isa = PBXGroup;
			children = (
				CACF625CDDE7D8A40517D13B /* libPods-Play With Pets.a */,
			);
			name = Frameworks;
			sourceTree = "<group>";
		};
		6C4DE80C1E5904920046B0F2 = {
			isa = PBXGroup;
			children = (
				6C4DE8171E5904920046B0F2 /* Play With Pets */,
				6C4DE8161E5904920046B0F2 /* Products */,
				DA75CA51583463A6B221951E /* Pods */,
				6066671A2592105CF3EFD10F /* Frameworks */,
			);
			sourceTree = "<group>";
		};
		6C4DE8161E5904920046B0F2 /* Products */ = {
			isa = PBXGroup;
			children = (
				6C4DE8151E5904920046B0F2 /* PetPlay.app */,
			);
			name = Products;
			sourceTree = "<group>";
		};
		6C4DE8171E5904920046B0F2 /* Play With Pets */ = {
			isa = PBXGroup;
			children = (
				6C4DE81B1E5904920046B0F2 /* AppDelegate.h */,
				6C4DE81C1E5904920046B0F2 /* AppDelegate.m */,
				6C4DE8211E5904920046B0F2 /* Main.storyboard */,
				6C4E1BA31E598757003D8D27 /* PPAPIManager.h */,
				6C4E1BA41E598757003D8D27 /* PPAPIManager.m */,
				6C4DE8401E5907F90046B0F2 /* Controllers */,
				6C4DE83E1E5907EC0046B0F2 /* Views */,
				6C4DE83F1E5907F00046B0F2 /* Models */,
				6C4DE84E1E590BE20046B0F2 /* Cateogires */,
				6C4DE8241E5904920046B0F2 /* Assets.xcassets */,
				6C4DE8261E5904920046B0F2 /* LaunchScreen.storyboard */,
				6C4DE8291E5904920046B0F2 /* Info.plist */,
				6C4DE8181E5904920046B0F2 /* Supporting Files */,
			);
			path = "Play With Pets";
			sourceTree = "<group>";
		};
		6C4DE8181E5904920046B0F2 /* Supporting Files */ = {
			isa = PBXGroup;
			children = (
				6CB6FBF01E59337A003D65EF /* GoogleService-Info.plist */,
				6C4DE8191E5904920046B0F2 /* main.m */,
				6C4DE8411E5908390046B0F2 /* Play-With-Pets-Prefix.pch */,
			);
			name = "Supporting Files";
			sourceTree = "<group>";
		};
		6C4DE83E1E5907EC0046B0F2 /* Views */ = {
			isa = PBXGroup;
			children = (
				6C4DE83B1E5907E90046B0F2 /* PPPetCardView.h */,
				6C4DE83C1E5907E90046B0F2 /* PPPetCardView.m */,
				6C4DE85B1E590DAC0046B0F2 /* FLHighlightedButton.h */,
				6C4DE85C1E590DAC0046B0F2 /* FLHighlightedButton.m */,
			);
			name = Views;
			sourceTree = "<group>";
		};
		6C4DE83F1E5907F00046B0F2 /* Models */ = {
			isa = PBXGroup;
			children = (
				6C4E1BB41E59AE27003D8D27 /* PPPlayDate.h */,
				6C4E1BB51E59AE27003D8D27 /* PPPlayDate.m */,
				6C4DE8321E5907AF0046B0F2 /* PPPet.h */,
				6C4DE8331E5907AF0046B0F2 /* PPPet.m */,
				6C4DE8481E590A620046B0F2 /* PPShelter.h */,
				6C4DE8491E590A620046B0F2 /* PPShelter.m */,
				6C4DE8381E5907DA0046B0F2 /* PPUser.h */,
				6C4DE8391E5907DA0046B0F2 /* PPUser.m */,
			);
			name = Models;
			sourceTree = "<group>";
		};
		6C4DE8401E5907F90046B0F2 /* Controllers */ = {
			isa = PBXGroup;
			children = (
				6C4E1B9D1E598742003D8D27 /* PPLoginViewController.h */,
				6C4E1B9E1E598742003D8D27 /* PPLoginViewController.m */,
				6C4DE82F1E59073C0046B0F2 /* PPPetsViewController.h */,
				6C4DE8301E59073C0046B0F2 /* PPPetsViewController.m */,
				6C4DE8421E5908F90046B0F2 /* PPMatchViewController.h */,
				6C4DE8431E5908F90046B0F2 /* PPMatchViewController.m */,
				4E2C77061E59922D0079D56E /* PPFormViewController.h */,
				4E2C77071E59922D0079D56E /* PPFormViewController.m */,
				6C4DE8451E5909260046B0F2 /* PPPetDetailViewController.h */,
				6C4DE8461E5909260046B0F2 /* PPPetDetailViewController.m */,
				6C4E1BA01E59874C003D8D27 /* PPProfileViewController.h */,
				6C4E1BA11E59874C003D8D27 /* PPProfileViewController.m */,
				6C4E1BB11E59AE0E003D8D27 /* PPPlayDatesViewController.h */,
				6C4E1BB21E59AE0E003D8D27 /* PPPlayDatesViewController.m */,
			);
			name = Controllers;
			sourceTree = "<group>";
		};
		6C4DE84E1E590BE20046B0F2 /* Cateogires */ = {
			isa = PBXGroup;
			children = (
				6CB6FBEA1E5912E9003D65EF /* MDCGeometry.h */,
				6CB6FBEB1E5912E9003D65EF /* MDCGeometry.m */,
				6CB6FBEC1E5912E9003D65EF /* UIView+MDCBorderedLabel.h */,
				6CB6FBED1E5912E9003D65EF /* UIView+MDCBorderedLabel.m */,
				6C4DE8581E590C6F0046B0F2 /* NSDate+Utilities.h */,
				6C4DE8591E590C6F0046B0F2 /* NSDate+Utilities.m */,
				6C4DE84B1E590BDB0046B0F2 /* UIColor+Play_With_Pets.h */,
				6C4DE84C1E590BDB0046B0F2 /* UIColor+Play_With_Pets.m */,
				6C4DE84F1E590C140046B0F2 /* NSObject+Play_With_Pets.h */,
				6C4DE8501E590C140046B0F2 /* NSObject+Play_With_Pets.m */,
				6C4DE8551E590C510046B0F2 /* UIFont+Play_With_Pets.h */,
				6C4DE8561E590C510046B0F2 /* UIFont+Play_With_Pets.m */,
				6C4E1BA61E598765003D8D27 /* UIImage+Play_With_Pets.h */,
				6C4E1BA71E598765003D8D27 /* UIImage+Play_With_Pets.m */,
			);
			name = Cateogires;
			sourceTree = "<group>";
		};
		DA75CA51583463A6B221951E /* Pods */ = {
			isa = PBXGroup;
			children = (
				0834BFBF9CC2FED5DA2E7FD4 /* Pods-Play With Pets.debug.xcconfig */,
				2330EF382EDE5D2DAF4D2EFE /* Pods-Play With Pets.release.xcconfig */,
			);
			name = Pods;
			sourceTree = "<group>";
		};
/* End PBXGroup section */

/* Begin PBXNativeTarget section */
		6C4DE8141E5904920046B0F2 /* PetPlay */ = {
			isa = PBXNativeTarget;
			buildConfigurationList = 6C4DE82C1E5904920046B0F2 /* Build configuration list for PBXNativeTarget "PetPlay" */;
			buildPhases = (
				84DEDEB9893A1BF047429011 /* [CP] Check Pods Manifest.lock */,
				6C4DE8111E5904920046B0F2 /* Sources */,
				6C4DE8121E5904920046B0F2 /* Frameworks */,
				6C4DE8131E5904920046B0F2 /* Resources */,
				298765672DF7935AB3D1BF9A /* [CP] Embed Pods Frameworks */,
				203165CAEEDC7E5377F0DBDE /* [CP] Copy Pods Resources */,
			);
			buildRules = (
			);
			dependencies = (
			);
			name = PetPlay;
			productName = "Play With Pets";
			productReference = 6C4DE8151E5904920046B0F2 /* PetPlay.app */;
			productType = "com.apple.product-type.application";
		};
/* End PBXNativeTarget section */

/* Begin PBXProject section */
		6C4DE80D1E5904920046B0F2 /* Project object */ = {
			isa = PBXProject;
			attributes = {
				LastUpgradeCheck = 0820;
				ORGANIZATIONNAME = "Spencer Yen";
				TargetAttributes = {
					6C4DE8141E5904920046B0F2 = {
						CreatedOnToolsVersion = 8.2.1;
						DevelopmentTeam = 656EK9W3KJ;
						ProvisioningStyle = Automatic;
					};
				};
			};
			buildConfigurationList = 6C4DE8101E5904920046B0F2 /* Build configuration list for PBXProject "PetPlay" */;
			compatibilityVersion = "Xcode 3.2";
			developmentRegion = English;
			hasScannedForEncodings = 0;
			knownRegions = (
				en,
				Base,
			);
			mainGroup = 6C4DE80C1E5904920046B0F2;
			productRefGroup = 6C4DE8161E5904920046B0F2 /* Products */;
			projectDirPath = "";
			projectRoot = "";
			targets = (
				6C4DE8141E5904920046B0F2 /* PetPlay */,
			);
		};
/* End PBXProject section */

/* Begin PBXResourcesBuildPhase section */
		6C4DE8131E5904920046B0F2 /* Resources */ = {
			isa = PBXResourcesBuildPhase;
			buildActionMask = 2147483647;
			files = (
				6C4DE8281E5904920046B0F2 /* LaunchScreen.storyboard in Resources */,
				6CB6FBF11E59337A003D65EF /* GoogleService-Info.plist in Resources */,
				6C4DE8251E5904920046B0F2 /* Assets.xcassets in Resources */,
				6C4DE8231E5904920046B0F2 /* Main.storyboard in Resources */,
			);
			runOnlyForDeploymentPostprocessing = 0;
		};
/* End PBXResourcesBuildPhase section */

/* Begin PBXShellScriptBuildPhase section */
		203165CAEEDC7E5377F0DBDE /* [CP] Copy Pods Resources */ = {
			isa = PBXShellScriptBuildPhase;
			buildActionMask = 2147483647;
			files = (
			);
			inputPaths = (
			);
			name = "[CP] Copy Pods Resources";
			outputPaths = (
			);
			runOnlyForDeploymentPostprocessing = 0;
			shellPath = /bin/sh;
			shellScript = "\"${SRCROOT}/Pods/Target Support Files/Pods-Play With Pets/Pods-Play With Pets-resources.sh\"\n";
			showEnvVarsInLog = 0;
		};
		298765672DF7935AB3D1BF9A /* [CP] Embed Pods Frameworks */ = {
			isa = PBXShellScriptBuildPhase;
			buildActionMask = 2147483647;
			files = (
			);
			inputPaths = (
			);
			name = "[CP] Embed Pods Frameworks";
			outputPaths = (
			);
			runOnlyForDeploymentPostprocessing = 0;
			shellPath = /bin/sh;
			shellScript = "\"${SRCROOT}/Pods/Target Support Files/Pods-Play With Pets/Pods-Play With Pets-frameworks.sh\"\n";
			showEnvVarsInLog = 0;
		};
		84DEDEB9893A1BF047429011 /* [CP] Check Pods Manifest.lock */ = {
			isa = PBXShellScriptBuildPhase;
			buildActionMask = 2147483647;
			files = (
			);
			inputPaths = (
			);
			name = "[CP] Check Pods Manifest.lock";
			outputPaths = (
			);
			runOnlyForDeploymentPostprocessing = 0;
			shellPath = /bin/sh;
			shellScript = "diff \"${PODS_ROOT}/../Podfile.lock\" \"${PODS_ROOT}/Manifest.lock\" > /dev/null\nif [ $? != 0 ] ; then\n    # print error to STDERR\n    echo \"error: The sandbox is not in sync with the Podfile.lock. Run 'pod install' or update your CocoaPods installation.\" >&2\n    exit 1\nfi\n";
			showEnvVarsInLog = 0;
		};
/* End PBXShellScriptBuildPhase section */

/* Begin PBXSourcesBuildPhase section */
		6C4DE8111E5904920046B0F2 /* Sources */ = {
			isa = PBXSourcesBuildPhase;
			buildActionMask = 2147483647;
			files = (
				6C4E1BA21E59874C003D8D27 /* PPProfileViewController.m in Sources */,
				6C4DE8441E5908F90046B0F2 /* PPMatchViewController.m in Sources */,
				6C4DE8471E5909260046B0F2 /* PPPetDetailViewController.m in Sources */,
				4E2C77081E59922D0079D56E /* PPFormViewController.m in Sources */,
				6C4E1B9F1E598742003D8D27 /* PPLoginViewController.m in Sources */,
				6C4DE83D1E5907E90046B0F2 /* PPPetCardView.m in Sources */,
				6CB6FBEF1E5912E9003D65EF /* UIView+MDCBorderedLabel.m in Sources */,
				6C4DE81D1E5904920046B0F2 /* AppDelegate.m in Sources */,
				6C4DE84A1E590A620046B0F2 /* PPShelter.m in Sources */,
				6C4DE8311E59073C0046B0F2 /* PPPetsViewController.m in Sources */,
				6C4DE8571E590C510046B0F2 /* UIFont+Play_With_Pets.m in Sources */,
				6C4DE85A1E590C6F0046B0F2 /* NSDate+Utilities.m in Sources */,
				6C4E1BA51E598757003D8D27 /* PPAPIManager.m in Sources */,
				6C4DE8511E590C140046B0F2 /* NSObject+Play_With_Pets.m in Sources */,
				6C4DE81A1E5904920046B0F2 /* main.m in Sources */,
				6C4DE84D1E590BDB0046B0F2 /* UIColor+Play_With_Pets.m in Sources */,
				6C4E1BB61E59AE27003D8D27 /* PPPlayDate.m in Sources */,
				6C4E1BB31E59AE0E003D8D27 /* PPPlayDatesViewController.m in Sources */,
				6C4DE85D1E590DAC0046B0F2 /* FLHighlightedButton.m in Sources */,
				6C4DE8341E5907AF0046B0F2 /* PPPet.m in Sources */,
				6C4DE83A1E5907DA0046B0F2 /* PPUser.m in Sources */,
				6CB6FBEE1E5912E9003D65EF /* MDCGeometry.m in Sources */,
				6C4E1BA81E598765003D8D27 /* UIImage+Play_With_Pets.m in Sources */,
			);
			runOnlyForDeploymentPostprocessing = 0;
		};
/* End PBXSourcesBuildPhase section */

/* Begin PBXVariantGroup section */
		6C4DE8211E5904920046B0F2 /* Main.storyboard */ = {
			isa = PBXVariantGroup;
			children = (
				6C4DE8221E5904920046B0F2 /* Base */,
			);
			name = Main.storyboard;
			sourceTree = "<group>";
		};
		6C4DE8261E5904920046B0F2 /* LaunchScreen.storyboard */ = {
			isa = PBXVariantGroup;
			children = (
				6C4DE8271E5904920046B0F2 /* Base */,
			);
			name = LaunchScreen.storyboard;
			sourceTree = "<group>";
		};
/* End PBXVariantGroup section */

/* Begin XCBuildConfiguration section */
		6C4DE82A1E5904920046B0F2 /* Debug */ = {
			isa = XCBuildConfiguration;
			buildSettings = {
				ALWAYS_SEARCH_USER_PATHS = NO;
				CLANG_ANALYZER_NONNULL = YES;
				CLANG_CXX_LANGUAGE_STANDARD = "gnu++0x";
				CLANG_CXX_LIBRARY = "libc++";
				CLANG_ENABLE_MODULES = YES;
				CLANG_ENABLE_OBJC_ARC = YES;
				CLANG_WARN_BOOL_CONVERSION = YES;
				CLANG_WARN_CONSTANT_CONVERSION = YES;
				CLANG_WARN_DIRECT_OBJC_ISA_USAGE = YES_ERROR;
				CLANG_WARN_DOCUMENTATION_COMMENTS = YES;
				CLANG_WARN_EMPTY_BODY = YES;
				CLANG_WARN_ENUM_CONVERSION = YES;
				CLANG_WARN_INFINITE_RECURSION = YES;
				CLANG_WARN_INT_CONVERSION = YES;
				CLANG_WARN_OBJC_ROOT_CLASS = YES_ERROR;
				CLANG_WARN_SUSPICIOUS_MOVE = YES;
				CLANG_WARN_UNREACHABLE_CODE = YES;
				CLANG_WARN__DUPLICATE_METHOD_MATCH = YES;
				"CODE_SIGN_IDENTITY[sdk=iphoneos*]" = "iPhone Developer";
				COPY_PHASE_STRIP = NO;
				DEBUG_INFORMATION_FORMAT = dwarf;
				ENABLE_STRICT_OBJC_MSGSEND = YES;
				ENABLE_TESTABILITY = YES;
				GCC_C_LANGUAGE_STANDARD = gnu99;
				GCC_DYNAMIC_NO_PIC = NO;
				GCC_NO_COMMON_BLOCKS = YES;
				GCC_OPTIMIZATION_LEVEL = 0;
				GCC_PREPROCESSOR_DEFINITIONS = (
					"DEBUG=1",
					"$(inherited)",
				);
				GCC_WARN_64_TO_32_BIT_CONVERSION = YES;
				GCC_WARN_ABOUT_RETURN_TYPE = YES_ERROR;
				GCC_WARN_UNDECLARED_SELECTOR = YES;
				GCC_WARN_UNINITIALIZED_AUTOS = YES_AGGRESSIVE;
				GCC_WARN_UNUSED_FUNCTION = YES;
				GCC_WARN_UNUSED_VARIABLE = YES;
				IPHONEOS_DEPLOYMENT_TARGET = 10.2;
				MTL_ENABLE_DEBUG_INFO = YES;
				ONLY_ACTIVE_ARCH = YES;
				SDKROOT = iphoneos;
			};
			name = Debug;
		};
		6C4DE82B1E5904920046B0F2 /* Release */ = {
			isa = XCBuildConfiguration;
			buildSettings = {
				ALWAYS_SEARCH_USER_PATHS = NO;
				CLANG_ANALYZER_NONNULL = YES;
				CLANG_CXX_LANGUAGE_STANDARD = "gnu++0x";
				CLANG_CXX_LIBRARY = "libc++";
				CLANG_ENABLE_MODULES = YES;
				CLANG_ENABLE_OBJC_ARC = YES;
				CLANG_WARN_BOOL_CONVERSION = YES;
				CLANG_WARN_CONSTANT_CONVERSION = YES;
				CLANG_WARN_DIRECT_OBJC_ISA_USAGE = YES_ERROR;
				CLANG_WARN_DOCUMENTATION_COMMENTS = YES;
				CLANG_WARN_EMPTY_BODY = YES;
				CLANG_WARN_ENUM_CONVERSION = YES;
				CLANG_WARN_INFINITE_RECURSION = YES;
				CLANG_WARN_INT_CONVERSION = YES;
				CLANG_WARN_OBJC_ROOT_CLASS = YES_ERROR;
				CLANG_WARN_SUSPICIOUS_MOVE = YES;
				CLANG_WARN_UNREACHABLE_CODE = YES;
				CLANG_WARN__DUPLICATE_METHOD_MATCH = YES;
				"CODE_SIGN_IDENTITY[sdk=iphoneos*]" = "iPhone Developer";
				COPY_PHASE_STRIP = NO;
				DEBUG_INFORMATION_FORMAT = "dwarf-with-dsym";
				ENABLE_NS_ASSERTIONS = NO;
				ENABLE_STRICT_OBJC_MSGSEND = YES;
				GCC_C_LANGUAGE_STANDARD = gnu99;
				GCC_NO_COMMON_BLOCKS = YES;
				GCC_WARN_64_TO_32_BIT_CONVERSION = YES;
				GCC_WARN_ABOUT_RETURN_TYPE = YES_ERROR;
				GCC_WARN_UNDECLARED_SELECTOR = YES;
				GCC_WARN_UNINITIALIZED_AUTOS = YES_AGGRESSIVE;
				GCC_WARN_UNUSED_FUNCTION = YES;
				GCC_WARN_UNUSED_VARIABLE = YES;
				IPHONEOS_DEPLOYMENT_TARGET = 10.2;
				MTL_ENABLE_DEBUG_INFO = NO;
				SDKROOT = iphoneos;
				VALIDATE_PRODUCT = YES;
			};
			name = Release;
		};
		6C4DE82D1E5904920046B0F2 /* Debug */ = {
			isa = XCBuildConfiguration;
			baseConfigurationReference = 0834BFBF9CC2FED5DA2E7FD4 /* Pods-Play With Pets.debug.xcconfig */;
			buildSettings = {
				ASSETCATALOG_COMPILER_APPICON_NAME = AppIcon;
				DEVELOPMENT_TEAM = 656EK9W3KJ;
				GCC_PREFIX_HEADER = "$(SRCROOT)/Play With Pets/Play-With-Pets-Prefix.pch";
				INFOPLIST_FILE = "Play With Pets/Info.plist";
				LD_RUNPATH_SEARCH_PATHS = "$(inherited) @executable_path/Frameworks";
				PRODUCT_BUNDLE_IDENTIFIER = "com.spenceryen.Play-With-Pets";
				PRODUCT_NAME = "$(TARGET_NAME)";
			};
			name = Debug;
		};
		6C4DE82E1E5904920046B0F2 /* Release */ = {
			isa = XCBuildConfiguration;
			baseConfigurationReference = 2330EF382EDE5D2DAF4D2EFE /* Pods-Play With Pets.release.xcconfig */;
			buildSettings = {
				ASSETCATALOG_COMPILER_APPICON_NAME = AppIcon;
				DEVELOPMENT_TEAM = 656EK9W3KJ;
				GCC_PREFIX_HEADER = "$(SRCROOT)/Play With Pets/Play-With-Pets-Prefix.pch";
				INFOPLIST_FILE = "Play With Pets/Info.plist";
				LD_RUNPATH_SEARCH_PATHS = "$(inherited) @executable_path/Frameworks";
				PRODUCT_BUNDLE_IDENTIFIER = "com.spenceryen.Play-With-Pets";
				PRODUCT_NAME = "$(TARGET_NAME)";
			};
			name = Release;
		};
/* End XCBuildConfiguration section */

/* Begin XCConfigurationList section */
		6C4DE8101E5904920046B0F2 /* Build configuration list for PBXProject "PetPlay" */ = {
			isa = XCConfigurationList;
			buildConfigurations = (
				6C4DE82A1E5904920046B0F2 /* Debug */,
				6C4DE82B1E5904920046B0F2 /* Release */,
			);
			defaultConfigurationIsVisible = 0;
			defaultConfigurationName = Release;
		};
		6C4DE82C1E5904920046B0F2 /* Build configuration list for PBXNativeTarget "PetPlay" */ = {
			isa = XCConfigurationList;
			buildConfigurations = (
				6C4DE82D1E5904920046B0F2 /* Debug */,
				6C4DE82E1E5904920046B0F2 /* Release */,
			);
			defaultConfigurationIsVisible = 0;
			defaultConfigurationName = Release;
		};
/* End XCConfigurationList section */
	};
	rootObject = 6C4DE80D1E5904920046B0F2 /* Project object */;
}
